// !$*UTF8*$!
{
	archiveVersion = 1;
	classes = {
	};
	objectVersion = 60;
	objects = {

/* Begin PBXBuildFile section */
		1A8B10790965E9FA883073F5 /* SheetView.swift in Sources */ = {isa = PBXBuildFile; fileRef = 1A8B11FC25FF622BF8103CA4 /* SheetView.swift */; };
		1A8B112B631A5308FA97FA6B /* UnusualCalendar.swift in Sources */ = {isa = PBXBuildFile; fileRef = 1A8B18120DC8F1B2DCC45BDA /* UnusualCalendar.swift */; };
		1A8B12DCBD209A62D97052F5 /* DateExtension.swift in Sources */ = {isa = PBXBuildFile; fileRef = 1A8B10F20ACAAC22CFF240FA /* DateExtension.swift */; };
		1A8B1300D25F3DF37014DB4E /* MonthScreenView.swift in Sources */ = {isa = PBXBuildFile; fileRef = 1A8B1CAFE49FB33A63415436 /* MonthScreenView.swift */; };
		1A8B13A5961A9CF307EAE195 /* AppDelegate.swift in Sources */ = {isa = PBXBuildFile; fileRef = 1A8B167F98CAD8D4CF11EE60 /* AppDelegate.swift */; };
		1A8B13F836D3BECA852C2A7B /* SearchView.swift in Sources */ = {isa = PBXBuildFile; fileRef = 1A8B1099EB8290D954AD1CA0 /* SearchView.swift */; };
		1A8B13FBBE820C88F7AD2481 /* ObservableConfig.swift in Sources */ = {isa = PBXBuildFile; fileRef = 1A8B1FA259D1D09B4119D61E /* ObservableConfig.swift */; };
		1A8B15612F5FA0A8B3DB25CF /* UIColorExtension.swift in Sources */ = {isa = PBXBuildFile; fileRef = 1A8B15593B806217A51802A1 /* UIColorExtension.swift */; };
		1A8B16B55B81D47B30A8FEB6 /* ArrayExtension.swift in Sources */ = {isa = PBXBuildFile; fileRef = 1A8B188A9D4440C41E27E9E9 /* ArrayExtension.swift */; };
		1A8B193C13A479F68307A24A /* Holiday.swift in Sources */ = {isa = PBXBuildFile; fileRef = 1A8B176D3CDAB3162E902569 /* Holiday.swift */; };
		1A8B1AEA03E60FDB045A3F6D /* MonthAdapter.swift in Sources */ = {isa = PBXBuildFile; fileRef = 1A8B1D27889C5E839E12D607 /* MonthAdapter.swift */; };
		1A8B1CE5273716CC84621F94 /* FloatingHoliday.swift in Sources */ = {isa = PBXBuildFile; fileRef = 1A8B1C09241000093713F0DF /* FloatingHoliday.swift */; };
		1A8B1DF78BB062853E4ADA84 /* ContentView.swift in Sources */ = {isa = PBXBuildFile; fileRef = 1A8B12214F0DD9E8499ECE57 /* ContentView.swift */; };
		1A8B1E96C93116A2D02E6335 /* URLSessionExtension.swift in Sources */ = {isa = PBXBuildFile; fileRef = 1A8B131C071B4025F6354DC3 /* URLSessionExtension.swift */; };
		1A8B1F7FF4C4565DF161C065 /* HolidayDay.swift in Sources */ = {isa = PBXBuildFile; fileRef = 1A8B1218DD3EF5D07BF92C36 /* HolidayDay.swift */; };
		7109DEFA2C4A3F7B00600EDA /* MissingHolidayPayload.swift in Sources */ = {isa = PBXBuildFile; fileRef = 7109DEF92C4A3F7B00600EDA /* MissingHolidayPayload.swift */; };
		711F6D752C39414500CCBDB5 /* MissingHolidayScreenView.swift in Sources */ = {isa = PBXBuildFile; fileRef = 711F6D742C39414500CCBDB5 /* MissingHolidayScreenView.swift */; };
		7123B09A2AC4B9CB00295E71 /* UHCWidget.intentdefinition in Sources */ = {isa = PBXBuildFile; fileRef = 7123B09C2AC4B9CB00295E71 /* UHCWidget.intentdefinition */; };
		7137D6EB2AA5D6FD00CE239B /* Localizable.strings in Resources */ = {isa = PBXBuildFile; fileRef = 7137D6ED2AA5D6FD00CE239B /* Localizable.strings */; };
		7137D6F52AA600D500CE239B /* WidgetKit.framework in Frameworks */ = {isa = PBXBuildFile; fileRef = 7137D6F42AA600D500CE239B /* WidgetKit.framework */; };
		7137D6F72AA600D500CE239B /* SwiftUI.framework in Frameworks */ = {isa = PBXBuildFile; fileRef = 7137D6F62AA600D500CE239B /* SwiftUI.framework */; };
		7137D6FA2AA600D500CE239B /* UHCWidgetBundle.swift in Sources */ = {isa = PBXBuildFile; fileRef = 7137D6F92AA600D500CE239B /* UHCWidgetBundle.swift */; };
		7137D6FE2AA600D500CE239B /* UHCWidget.swift in Sources */ = {isa = PBXBuildFile; fileRef = 7137D6FD2AA600D500CE239B /* UHCWidget.swift */; };
		7137D7012AA600DB00CE239B /* Assets.xcassets in Resources */ = {isa = PBXBuildFile; fileRef = 7137D7002AA600DB00CE239B /* Assets.xcassets */; };
		7137D7072AA600DB00CE239B /* UHCWidgetExtension.appex in Embed Foundation Extensions */ = {isa = PBXBuildFile; fileRef = 7137D6F22AA600D500CE239B /* UHCWidgetExtension.appex */; platformFilter = ios; settings = {ATTRIBUTES = (RemoveHeadersOnCopy, ); }; };
		7137D70C2AA6601200CE239B /* URLSessionExtension.swift in Sources */ = {isa = PBXBuildFile; fileRef = 1A8B131C071B4025F6354DC3 /* URLSessionExtension.swift */; };
		7137D70D2AA6602D00CE239B /* HolidayDay.swift in Sources */ = {isa = PBXBuildFile; fileRef = 1A8B1218DD3EF5D07BF92C36 /* HolidayDay.swift */; };
		7137D70E2AA67A2300CE239B /* Holiday.swift in Sources */ = {isa = PBXBuildFile; fileRef = 1A8B176D3CDAB3162E902569 /* Holiday.swift */; };
		7137D7132AA6830200CE239B /* Localizable.strings in Resources */ = {isa = PBXBuildFile; fileRef = 7137D7152AA6830200CE239B /* Localizable.strings */; };
		7137D71B2AA7147E00CE239B /* Settings.bundle in Resources */ = {isa = PBXBuildFile; fileRef = 7137D71A2AA7147E00CE239B /* Settings.bundle */; };
		714270002ABCB89100C94742 /* UIColorExtension.swift in Sources */ = {isa = PBXBuildFile; fileRef = 1A8B15593B806217A51802A1 /* UIColorExtension.swift */; };
		718743A22AAFB8F500A6EFC0 /* UHCWidget.intentdefinition in Sources */ = {isa = PBXBuildFile; fileRef = 718743A52AAFB8F500A6EFC0 /* UHCWidget.intentdefinition */; };
		718743A32AAFB8F500A6EFC0 /* UHCWidget.intentdefinition in Sources */ = {isa = PBXBuildFile; fileRef = 718743A52AAFB8F500A6EFC0 /* UHCWidget.intentdefinition */; };
		718743AA2AB3B7FC00A6EFC0 /* FloatingHoliday.swift in Sources */ = {isa = PBXBuildFile; fileRef = 1A8B1C09241000093713F0DF /* FloatingHoliday.swift */; };
		718743AB2ABA5A8000A6EFC0 /* Assets.xcassets in Resources */ = {isa = PBXBuildFile; fileRef = 71FA8B022AA54A03000E2831 /* Assets.xcassets */; };
		71896E2D2C27E8DD00E2B000 /* ReportScreenView.swift in Sources */ = {isa = PBXBuildFile; fileRef = 71896E2C2C27E8DD00E2B000 /* ReportScreenView.swift */; };
		71B81C912C25701E0039D554 /* MainScreenView.swift in Sources */ = {isa = PBXBuildFile; fileRef = 71B81C902C25701E0039D554 /* MainScreenView.swift */; };
		71D16D0F2ABCE54B00BE9B3A /* InfoPlist.strings in Resources */ = {isa = PBXBuildFile; fileRef = 71D16D122ABCE54B00BE9B3A /* InfoPlist.strings */; };
		71D16D102ABCE54B00BE9B3A /* InfoPlist.strings in Resources */ = {isa = PBXBuildFile; fileRef = 71D16D122ABCE54B00BE9B3A /* InfoPlist.strings */; };
		71D16D142ABDA9D700BE9B3A /* DateExtension.swift in Sources */ = {isa = PBXBuildFile; fileRef = 1A8B10F20ACAAC22CFF240FA /* DateExtension.swift */; };
		71D16D152ABDB59600BE9B3A /* ObservableConfig.swift in Sources */ = {isa = PBXBuildFile; fileRef = 1A8B1FA259D1D09B4119D61E /* ObservableConfig.swift */; };
		71EDA5C62C3D3DD000FC7E8C /* EncodableExtenstion.swift in Sources */ = {isa = PBXBuildFile; fileRef = 71EDA5C52C3D3DD000FC7E8C /* EncodableExtenstion.swift */; };
		71EDA5C72C3D3DD000FC7E8C /* EncodableExtenstion.swift in Sources */ = {isa = PBXBuildFile; fileRef = 71EDA5C52C3D3DD000FC7E8C /* EncodableExtenstion.swift */; };
		71FA8AFF2AA54A00000E2831 /* UHCApp.swift in Sources */ = {isa = PBXBuildFile; fileRef = 71FA8AFE2AA54A00000E2831 /* UHCApp.swift */; };
		71FA8B032AA54A03000E2831 /* Assets.xcassets in Resources */ = {isa = PBXBuildFile; fileRef = 71FA8B022AA54A03000E2831 /* Assets.xcassets */; };
		71FA8B062AA54A03000E2831 /* Preview Assets.xcassets in Resources */ = {isa = PBXBuildFile; fileRef = 71FA8B052AA54A03000E2831 /* Preview Assets.xcassets */; };
		71FA8B102AA54A03000E2831 /* UHCTests.swift in Sources */ = {isa = PBXBuildFile; fileRef = 71FA8B0F2AA54A03000E2831 /* UHCTests.swift */; };
		71FA8B1A2AA54A03000E2831 /* UHCUITests.swift in Sources */ = {isa = PBXBuildFile; fileRef = 71FA8B192AA54A03000E2831 /* UHCUITests.swift */; };
		71FA8B1C2AA54A03000E2831 /* UHCUITestsLaunchTests.swift in Sources */ = {isa = PBXBuildFile; fileRef = 71FA8B1B2AA54A03000E2831 /* UHCUITestsLaunchTests.swift */; };
/* End PBXBuildFile section */

/* Begin PBXContainerItemProxy section */
		7137D7052AA600DB00CE239B /* PBXContainerItemProxy */ = {
			isa = PBXContainerItemProxy;
			containerPortal = 71FA8AF32AA54A00000E2831 /* Project object */;
			proxyType = 1;
			remoteGlobalIDString = 7137D6F12AA600D500CE239B;
			remoteInfo = UHCWidgetExtension;
		};
		71FA8B0C2AA54A03000E2831 /* PBXContainerItemProxy */ = {
			isa = PBXContainerItemProxy;
			containerPortal = 71FA8AF32AA54A00000E2831 /* Project object */;
			proxyType = 1;
			remoteGlobalIDString = 71FA8AFA2AA54A00000E2831;
			remoteInfo = UHC;
		};
		71FA8B162AA54A03000E2831 /* PBXContainerItemProxy */ = {
			isa = PBXContainerItemProxy;
			containerPortal = 71FA8AF32AA54A00000E2831 /* Project object */;
			proxyType = 1;
			remoteGlobalIDString = 71FA8AFA2AA54A00000E2831;
			remoteInfo = UHC;
		};
/* End PBXContainerItemProxy section */

/* Begin PBXCopyFilesBuildPhase section */
		7137D7082AA600DB00CE239B /* Embed Foundation Extensions */ = {
			isa = PBXCopyFilesBuildPhase;
			buildActionMask = 2147483647;
			dstPath = "";
			dstSubfolderSpec = 13;
			files = (
				7137D7072AA600DB00CE239B /* UHCWidgetExtension.appex in Embed Foundation Extensions */,
			);
			name = "Embed Foundation Extensions";
			runOnlyForDeploymentPostprocessing = 0;
		};
/* End PBXCopyFilesBuildPhase section */

/* Begin PBXFileReference section */
		1A8B1099EB8290D954AD1CA0 /* SearchView.swift */ = {isa = PBXFileReference; fileEncoding = 4; lastKnownFileType = sourcecode.swift; path = SearchView.swift; sourceTree = "<group>"; };
		1A8B10F20ACAAC22CFF240FA /* DateExtension.swift */ = {isa = PBXFileReference; fileEncoding = 4; lastKnownFileType = sourcecode.swift; path = DateExtension.swift; sourceTree = "<group>"; };
		1A8B11FC25FF622BF8103CA4 /* SheetView.swift */ = {isa = PBXFileReference; fileEncoding = 4; lastKnownFileType = sourcecode.swift; path = SheetView.swift; sourceTree = "<group>"; usesTabs = 1; };
		1A8B1218DD3EF5D07BF92C36 /* HolidayDay.swift */ = {isa = PBXFileReference; fileEncoding = 4; lastKnownFileType = sourcecode.swift; path = HolidayDay.swift; sourceTree = "<group>"; };
		1A8B12214F0DD9E8499ECE57 /* ContentView.swift */ = {isa = PBXFileReference; fileEncoding = 4; lastKnownFileType = sourcecode.swift; path = ContentView.swift; sourceTree = "<group>"; };
		1A8B131C071B4025F6354DC3 /* URLSessionExtension.swift */ = {isa = PBXFileReference; fileEncoding = 4; lastKnownFileType = sourcecode.swift; path = URLSessionExtension.swift; sourceTree = "<group>"; };
		1A8B15593B806217A51802A1 /* UIColorExtension.swift */ = {isa = PBXFileReference; fileEncoding = 4; lastKnownFileType = sourcecode.swift; path = UIColorExtension.swift; sourceTree = "<group>"; };
		1A8B167F98CAD8D4CF11EE60 /* AppDelegate.swift */ = {isa = PBXFileReference; fileEncoding = 4; lastKnownFileType = sourcecode.swift; path = AppDelegate.swift; sourceTree = "<group>"; };
		1A8B176D3CDAB3162E902569 /* Holiday.swift */ = {isa = PBXFileReference; fileEncoding = 4; lastKnownFileType = sourcecode.swift; path = Holiday.swift; sourceTree = "<group>"; };
		1A8B18120DC8F1B2DCC45BDA /* UnusualCalendar.swift */ = {isa = PBXFileReference; fileEncoding = 4; lastKnownFileType = sourcecode.swift; path = UnusualCalendar.swift; sourceTree = "<group>"; };
		1A8B188A9D4440C41E27E9E9 /* ArrayExtension.swift */ = {isa = PBXFileReference; fileEncoding = 4; lastKnownFileType = sourcecode.swift; path = ArrayExtension.swift; sourceTree = "<group>"; };
		1A8B1AC23FE5563DD8D09062 /* pl */ = {isa = PBXFileReference; fileEncoding = 4; lastKnownFileType = text.plist.strings; name = pl; path = pl.lproj/Localizable.strings; sourceTree = "<group>"; };
		1A8B1C09241000093713F0DF /* FloatingHoliday.swift */ = {isa = PBXFileReference; fileEncoding = 4; lastKnownFileType = sourcecode.swift; path = FloatingHoliday.swift; sourceTree = "<group>"; };
		1A8B1CAFE49FB33A63415436 /* MonthScreenView.swift */ = {isa = PBXFileReference; fileEncoding = 4; lastKnownFileType = sourcecode.swift; path = MonthScreenView.swift; sourceTree = "<group>"; };
		1A8B1D27889C5E839E12D607 /* MonthAdapter.swift */ = {isa = PBXFileReference; fileEncoding = 4; lastKnownFileType = sourcecode.swift; path = MonthAdapter.swift; sourceTree = "<group>"; };
		1A8B1FA259D1D09B4119D61E /* ObservableConfig.swift */ = {isa = PBXFileReference; fileEncoding = 4; lastKnownFileType = sourcecode.swift; path = ObservableConfig.swift; sourceTree = "<group>"; };
		7109DEF92C4A3F7B00600EDA /* MissingHolidayPayload.swift */ = {isa = PBXFileReference; lastKnownFileType = sourcecode.swift; path = MissingHolidayPayload.swift; sourceTree = "<group>"; };
		711F6D742C39414500CCBDB5 /* MissingHolidayScreenView.swift */ = {isa = PBXFileReference; lastKnownFileType = sourcecode.swift; path = MissingHolidayScreenView.swift; sourceTree = "<group>"; };
		7123B09B2AC4B9CB00295E71 /* en */ = {isa = PBXFileReference; lastKnownFileType = file.intentdefinition; name = en; path = en.lproj/UHCWidget.intentdefinition; sourceTree = "<group>"; };
		7137D6EC2AA5D6FD00CE239B /* en */ = {isa = PBXFileReference; lastKnownFileType = text.plist.strings; name = en; path = en.lproj/Localizable.strings; sourceTree = "<group>"; };
		7137D6F22AA600D500CE239B /* UHCWidgetExtension.appex */ = {isa = PBXFileReference; explicitFileType = "wrapper.app-extension"; includeInIndex = 0; path = UHCWidgetExtension.appex; sourceTree = BUILT_PRODUCTS_DIR; };
		7137D6F42AA600D500CE239B /* WidgetKit.framework */ = {isa = PBXFileReference; lastKnownFileType = wrapper.framework; name = WidgetKit.framework; path = System/Library/Frameworks/WidgetKit.framework; sourceTree = SDKROOT; };
		7137D6F62AA600D500CE239B /* SwiftUI.framework */ = {isa = PBXFileReference; lastKnownFileType = wrapper.framework; name = SwiftUI.framework; path = System/Library/Frameworks/SwiftUI.framework; sourceTree = SDKROOT; };
		7137D6F92AA600D500CE239B /* UHCWidgetBundle.swift */ = {isa = PBXFileReference; lastKnownFileType = sourcecode.swift; path = UHCWidgetBundle.swift; sourceTree = "<group>"; };
		7137D6FD2AA600D500CE239B /* UHCWidget.swift */ = {isa = PBXFileReference; lastKnownFileType = sourcecode.swift; path = UHCWidget.swift; sourceTree = "<group>"; };
		7137D7002AA600DB00CE239B /* Assets.xcassets */ = {isa = PBXFileReference; lastKnownFileType = folder.assetcatalog; path = Assets.xcassets; sourceTree = "<group>"; };
		7137D7022AA600DB00CE239B /* Info.plist */ = {isa = PBXFileReference; lastKnownFileType = text.plist.xml; path = Info.plist; sourceTree = "<group>"; };
		7137D7142AA6830200CE239B /* en */ = {isa = PBXFileReference; lastKnownFileType = text.plist.strings; name = en; path = en.lproj/Localizable.strings; sourceTree = "<group>"; };
		7137D7162AA6830400CE239B /* pl */ = {isa = PBXFileReference; lastKnownFileType = text.plist.strings; name = pl; path = pl.lproj/Localizable.strings; sourceTree = "<group>"; };
		7137D71A2AA7147E00CE239B /* Settings.bundle */ = {isa = PBXFileReference; lastKnownFileType = "wrapper.plug-in"; path = Settings.bundle; sourceTree = "<group>"; };
		718743A72AAFB8FA00A6EFC0 /* en */ = {isa = PBXFileReference; lastKnownFileType = text.plist.strings; name = en; path = en.lproj/UHCWidget.strings; sourceTree = "<group>"; };
		718743A92AAFB8FB00A6EFC0 /* pl */ = {isa = PBXFileReference; lastKnownFileType = text.plist.strings; name = pl; path = pl.lproj/UHCWidget.strings; sourceTree = "<group>"; };
		71896E2C2C27E8DD00E2B000 /* ReportScreenView.swift */ = {isa = PBXFileReference; lastKnownFileType = sourcecode.swift; path = ReportScreenView.swift; sourceTree = "<group>"; };
		71B81C902C25701E0039D554 /* MainScreenView.swift */ = {isa = PBXFileReference; lastKnownFileType = sourcecode.swift; path = MainScreenView.swift; sourceTree = "<group>"; };
		71D16D112ABCE54B00BE9B3A /* en */ = {isa = PBXFileReference; lastKnownFileType = text.plist.strings; name = en; path = en.lproj/InfoPlist.strings; sourceTree = "<group>"; };
		71D16D132ABCE54C00BE9B3A /* pl */ = {isa = PBXFileReference; lastKnownFileType = text.plist.strings; name = pl; path = pl.lproj/InfoPlist.strings; sourceTree = "<group>"; };
		71DCA3692ABC9A69004C68A5 /* Info.plist */ = {isa = PBXFileReference; lastKnownFileType = text.plist.xml; path = Info.plist; sourceTree = "<group>"; };
		71EDA5C52C3D3DD000FC7E8C /* EncodableExtenstion.swift */ = {isa = PBXFileReference; lastKnownFileType = sourcecode.swift; path = EncodableExtenstion.swift; sourceTree = "<group>"; };
		71FA8AFB2AA54A00000E2831 /* UHC.app */ = {isa = PBXFileReference; explicitFileType = wrapper.application; includeInIndex = 0; path = UHC.app; sourceTree = BUILT_PRODUCTS_DIR; };
		71FA8AFE2AA54A00000E2831 /* UHCApp.swift */ = {isa = PBXFileReference; lastKnownFileType = sourcecode.swift; path = UHCApp.swift; sourceTree = "<group>"; };
		71FA8B022AA54A03000E2831 /* Assets.xcassets */ = {isa = PBXFileReference; lastKnownFileType = folder.assetcatalog; path = Assets.xcassets; sourceTree = "<group>"; };
		71FA8B052AA54A03000E2831 /* Preview Assets.xcassets */ = {isa = PBXFileReference; lastKnownFileType = folder.assetcatalog; path = "Preview Assets.xcassets"; sourceTree = "<group>"; };
		71FA8B0B2AA54A03000E2831 /* UHCTests.xctest */ = {isa = PBXFileReference; explicitFileType = wrapper.cfbundle; includeInIndex = 0; path = UHCTests.xctest; sourceTree = BUILT_PRODUCTS_DIR; };
		71FA8B0F2AA54A03000E2831 /* UHCTests.swift */ = {isa = PBXFileReference; lastKnownFileType = sourcecode.swift; path = UHCTests.swift; sourceTree = "<group>"; };
		71FA8B152AA54A03000E2831 /* UHCUITests.xctest */ = {isa = PBXFileReference; explicitFileType = wrapper.cfbundle; includeInIndex = 0; path = UHCUITests.xctest; sourceTree = BUILT_PRODUCTS_DIR; };
		71FA8B192AA54A03000E2831 /* UHCUITests.swift */ = {isa = PBXFileReference; lastKnownFileType = sourcecode.swift; path = UHCUITests.swift; sourceTree = "<group>"; };
		71FA8B1B2AA54A03000E2831 /* UHCUITestsLaunchTests.swift */ = {isa = PBXFileReference; lastKnownFileType = sourcecode.swift; path = UHCUITestsLaunchTests.swift; sourceTree = "<group>"; };
/* End PBXFileReference section */

/* Begin PBXFrameworksBuildPhase section */
		7137D6EF2AA600D500CE239B /* Frameworks */ = {
			isa = PBXFrameworksBuildPhase;
			buildActionMask = 2147483647;
			files = (
				7137D6F72AA600D500CE239B /* SwiftUI.framework in Frameworks */,
				7137D6F52AA600D500CE239B /* WidgetKit.framework in Frameworks */,
			);
			runOnlyForDeploymentPostprocessing = 0;
		};
		71FA8AF82AA54A00000E2831 /* Frameworks */ = {
			isa = PBXFrameworksBuildPhase;
			buildActionMask = 2147483647;
			files = (
			);
			runOnlyForDeploymentPostprocessing = 0;
		};
		71FA8B082AA54A03000E2831 /* Frameworks */ = {
			isa = PBXFrameworksBuildPhase;
			buildActionMask = 2147483647;
			files = (
			);
			runOnlyForDeploymentPostprocessing = 0;
		};
		71FA8B122AA54A03000E2831 /* Frameworks */ = {
			isa = PBXFrameworksBuildPhase;
			buildActionMask = 2147483647;
			files = (
			);
			runOnlyForDeploymentPostprocessing = 0;
		};
/* End PBXFrameworksBuildPhase section */

/* Begin PBXGroup section */
		1A8B17913731C424284FDCF0 /* extension */ = {
			isa = PBXGroup;
			children = (
				1A8B10F20ACAAC22CFF240FA /* DateExtension.swift */,
				1A8B188A9D4440C41E27E9E9 /* ArrayExtension.swift */,
				1A8B131C071B4025F6354DC3 /* URLSessionExtension.swift */,
				1A8B15593B806217A51802A1 /* UIColorExtension.swift */,
				71EDA5C52C3D3DD000FC7E8C /* EncodableExtenstion.swift */,
			);
			path = extension;
			sourceTree = "<group>";
		};
		1A8B19EB18EAA233F4C46C74 /* screen */ = {
			isa = PBXGroup;
			children = (
				71896E2C2C27E8DD00E2B000 /* ReportScreenView.swift */,
				71B81C902C25701E0039D554 /* MainScreenView.swift */,
				1A8B1CAFE49FB33A63415436 /* MonthScreenView.swift */,
				1A8B1099EB8290D954AD1CA0 /* SearchView.swift */,
				711F6D742C39414500CCBDB5 /* MissingHolidayScreenView.swift */,
			);
			path = screen;
			sourceTree = "<group>";
		};
		1A8B1D95E86FB026BB08C7F4 /* entity */ = {
			isa = PBXGroup;
			children = (
				1A8B176D3CDAB3162E902569 /* Holiday.swift */,
				1A8B1218DD3EF5D07BF92C36 /* HolidayDay.swift */,
				1A8B1C09241000093713F0DF /* FloatingHoliday.swift */,
				1A8B18120DC8F1B2DCC45BDA /* UnusualCalendar.swift */,
			);
			path = entity;
			sourceTree = "<group>";
		};
		1A8B1E13DE135A778D47FA41 /* adapter */ = {
			isa = PBXGroup;
			children = (
				1A8B1D27889C5E839E12D607 /* MonthAdapter.swift */,
			);
			path = adapter;
			sourceTree = "<group>";
		};
		7109DEF82C4A3F2B00600EDA /* payload */ = {
			isa = PBXGroup;
			children = (
				7109DEF92C4A3F7B00600EDA /* MissingHolidayPayload.swift */,
			);
			path = payload;
			sourceTree = "<group>";
		};
		7137D6F32AA600D500CE239B /* Frameworks */ = {
			isa = PBXGroup;
			children = (
				7137D6F42AA600D500CE239B /* WidgetKit.framework */,
				7137D6F62AA600D500CE239B /* SwiftUI.framework */,
			);
			name = Frameworks;
			sourceTree = "<group>";
		};
		7137D6F82AA600D500CE239B /* UHCWidget */ = {
			isa = PBXGroup;
			children = (
				7137D6F92AA600D500CE239B /* UHCWidgetBundle.swift */,
				7137D6FD2AA600D500CE239B /* UHCWidget.swift */,
				718743A52AAFB8F500A6EFC0 /* UHCWidget.intentdefinition */,
				7123B09C2AC4B9CB00295E71 /* UHCWidget.intentdefinition */,
				7137D7002AA600DB00CE239B /* Assets.xcassets */,
				7137D7022AA600DB00CE239B /* Info.plist */,
				7137D7152AA6830200CE239B /* Localizable.strings */,
			);
			path = UHCWidget;
			sourceTree = "<group>";
		};
		71B81C8F2C256F930039D554 /* sheet */ = {
			isa = PBXGroup;
			children = (
				1A8B11FC25FF622BF8103CA4 /* SheetView.swift */,
			);
			path = sheet;
			sourceTree = "<group>";
		};
		71FA8AF22AA54A00000E2831 = {
			isa = PBXGroup;
			children = (
				71D16D122ABCE54B00BE9B3A /* InfoPlist.strings */,
				71FA8AFD2AA54A00000E2831 /* UHC */,
				71FA8B0E2AA54A03000E2831 /* UHCTests */,
				71FA8B182AA54A03000E2831 /* UHCUITests */,
				7137D6F82AA600D500CE239B /* UHCWidget */,
				7137D6F32AA600D500CE239B /* Frameworks */,
				71FA8AFC2AA54A00000E2831 /* Products */,
			);
			sourceTree = "<group>";
			usesTabs = 1;
			wrapsLines = 0;
		};
		71FA8AFC2AA54A00000E2831 /* Products */ = {
			isa = PBXGroup;
			children = (
				71FA8AFB2AA54A00000E2831 /* UHC.app */,
				71FA8B0B2AA54A03000E2831 /* UHCTests.xctest */,
				71FA8B152AA54A03000E2831 /* UHCUITests.xctest */,
				7137D6F22AA600D500CE239B /* UHCWidgetExtension.appex */,
			);
			name = Products;
			sourceTree = "<group>";
		};
		71FA8AFD2AA54A00000E2831 /* UHC */ = {
			isa = PBXGroup;
			children = (
				1A8B1E13DE135A778D47FA41 /* adapter */,
				1A8B1D95E86FB026BB08C7F4 /* entity */,
				1A8B17913731C424284FDCF0 /* extension */,
				7109DEF82C4A3F2B00600EDA /* payload */,
				71FA8B042AA54A03000E2831 /* Preview Content */,
				1A8B19EB18EAA233F4C46C74 /* screen */,
				71B81C8F2C256F930039D554 /* sheet */,
				1A8B167F98CAD8D4CF11EE60 /* AppDelegate.swift */,
				71FA8B022AA54A03000E2831 /* Assets.xcassets */,
				1A8B12214F0DD9E8499ECE57 /* ContentView.swift */,
				71DCA3692ABC9A69004C68A5 /* Info.plist */,
				7137D6ED2AA5D6FD00CE239B /* Localizable.strings */,
				1A8B1FA259D1D09B4119D61E /* ObservableConfig.swift */,
				7137D71A2AA7147E00CE239B /* Settings.bundle */,
				71FA8AFE2AA54A00000E2831 /* UHCApp.swift */,
			);
			path = UHC;
			sourceTree = "<group>";
			usesTabs = 1;
			wrapsLines = 0;
		};
		71FA8B042AA54A03000E2831 /* Preview Content */ = {
			isa = PBXGroup;
			children = (
				71FA8B052AA54A03000E2831 /* Preview Assets.xcassets */,
			);
			path = "Preview Content";
			sourceTree = "<group>";
		};
		71FA8B0E2AA54A03000E2831 /* UHCTests */ = {
			isa = PBXGroup;
			children = (
				71FA8B0F2AA54A03000E2831 /* UHCTests.swift */,
			);
			path = UHCTests;
			sourceTree = "<group>";
		};
		71FA8B182AA54A03000E2831 /* UHCUITests */ = {
			isa = PBXGroup;
			children = (
				71FA8B192AA54A03000E2831 /* UHCUITests.swift */,
				71FA8B1B2AA54A03000E2831 /* UHCUITestsLaunchTests.swift */,
			);
			path = UHCUITests;
			sourceTree = "<group>";
		};
/* End PBXGroup section */

/* Begin PBXNativeTarget section */
		7137D6F12AA600D500CE239B /* UHCWidgetExtension */ = {
			isa = PBXNativeTarget;
			buildConfigurationList = 7137D70B2AA600DB00CE239B /* Build configuration list for PBXNativeTarget "UHCWidgetExtension" */;
			buildPhases = (
				7137D6EE2AA600D500CE239B /* Sources */,
				7137D6EF2AA600D500CE239B /* Frameworks */,
				7137D6F02AA600D500CE239B /* Resources */,
			);
			buildRules = (
			);
			dependencies = (
			);
			name = UHCWidgetExtension;
			productName = UHCWidgetExtension;
			productReference = 7137D6F22AA600D500CE239B /* UHCWidgetExtension.appex */;
			productType = "com.apple.product-type.app-extension";
		};
		71FA8AFA2AA54A00000E2831 /* UHC */ = {
			isa = PBXNativeTarget;
			buildConfigurationList = 71FA8B1F2AA54A03000E2831 /* Build configuration list for PBXNativeTarget "UHC" */;
			buildPhases = (
				71FA8AF72AA54A00000E2831 /* Sources */,
				71FA8AF82AA54A00000E2831 /* Frameworks */,
				71FA8AF92AA54A00000E2831 /* Resources */,
				7137D7082AA600DB00CE239B /* Embed Foundation Extensions */,
			);
			buildRules = (
			);
			dependencies = (
				7137D7062AA600DB00CE239B /* PBXTargetDependency */,
			);
			name = UHC;
			productName = UHC;
			productReference = 71FA8AFB2AA54A00000E2831 /* UHC.app */;
			productType = "com.apple.product-type.application";
		};
		71FA8B0A2AA54A03000E2831 /* UHCTests */ = {
			isa = PBXNativeTarget;
			buildConfigurationList = 71FA8B222AA54A03000E2831 /* Build configuration list for PBXNativeTarget "UHCTests" */;
			buildPhases = (
				71FA8B072AA54A03000E2831 /* Sources */,
				71FA8B082AA54A03000E2831 /* Frameworks */,
				71FA8B092AA54A03000E2831 /* Resources */,
			);
			buildRules = (
			);
			dependencies = (
				71FA8B0D2AA54A03000E2831 /* PBXTargetDependency */,
			);
			name = UHCTests;
			productName = UHCTests;
			productReference = 71FA8B0B2AA54A03000E2831 /* UHCTests.xctest */;
			productType = "com.apple.product-type.bundle.unit-test";
		};
		71FA8B142AA54A03000E2831 /* UHCUITests */ = {
			isa = PBXNativeTarget;
			buildConfigurationList = 71FA8B252AA54A03000E2831 /* Build configuration list for PBXNativeTarget "UHCUITests" */;
			buildPhases = (
				71FA8B112AA54A03000E2831 /* Sources */,
				71FA8B122AA54A03000E2831 /* Frameworks */,
				71FA8B132AA54A03000E2831 /* Resources */,
			);
			buildRules = (
			);
			dependencies = (
				71FA8B172AA54A03000E2831 /* PBXTargetDependency */,
			);
			name = UHCUITests;
			productName = UHCUITests;
			productReference = 71FA8B152AA54A03000E2831 /* UHCUITests.xctest */;
			productType = "com.apple.product-type.bundle.ui-testing";
		};
/* End PBXNativeTarget section */

/* Begin PBXProject section */
		71FA8AF32AA54A00000E2831 /* Project object */ = {
			isa = PBXProject;
			attributes = {
				BuildIndependentTargetsInParallel = 1;
				LastSwiftUpdateCheck = 1430;
				LastUpgradeCheck = 1600;
				TargetAttributes = {
					7137D6F12AA600D500CE239B = {
						CreatedOnToolsVersion = 14.3.1;
					};
					71FA8AFA2AA54A00000E2831 = {
						CreatedOnToolsVersion = 14.3.1;
					};
					71FA8B0A2AA54A03000E2831 = {
						CreatedOnToolsVersion = 14.3.1;
						TestTargetID = 71FA8AFA2AA54A00000E2831;
					};
					71FA8B142AA54A03000E2831 = {
						CreatedOnToolsVersion = 14.3.1;
						TestTargetID = 71FA8AFA2AA54A00000E2831;
					};
				};
			};
			buildConfigurationList = 71FA8AF62AA54A00000E2831 /* Build configuration list for PBXProject "UHC" */;
			compatibilityVersion = "Xcode 15.0";
			developmentRegion = en;
			hasScannedForEncodings = 0;
			knownRegions = (
				en,
				pl,
			);
			mainGroup = 71FA8AF22AA54A00000E2831;
			productRefGroup = 71FA8AFC2AA54A00000E2831 /* Products */;
			projectDirPath = "";
			projectRoot = "";
			targets = (
				71FA8AFA2AA54A00000E2831 /* UHC */,
				71FA8B0A2AA54A03000E2831 /* UHCTests */,
				71FA8B142AA54A03000E2831 /* UHCUITests */,
				7137D6F12AA600D500CE239B /* UHCWidgetExtension */,
			);
		};
/* End PBXProject section */

/* Begin PBXResourcesBuildPhase section */
		7137D6F02AA600D500CE239B /* Resources */ = {
			isa = PBXResourcesBuildPhase;
			buildActionMask = 2147483647;
			files = (
				7137D7012AA600DB00CE239B /* Assets.xcassets in Resources */,
				71D16D102ABCE54B00BE9B3A /* InfoPlist.strings in Resources */,
				718743AB2ABA5A8000A6EFC0 /* Assets.xcassets in Resources */,
				7137D7132AA6830200CE239B /* Localizable.strings in Resources */,
			);
			runOnlyForDeploymentPostprocessing = 0;
		};
		71FA8AF92AA54A00000E2831 /* Resources */ = {
			isa = PBXResourcesBuildPhase;
			buildActionMask = 2147483647;
			files = (
				7137D71B2AA7147E00CE239B /* Settings.bundle in Resources */,
				71FA8B062AA54A03000E2831 /* Preview Assets.xcassets in Resources */,
				7137D6EB2AA5D6FD00CE239B /* Localizable.strings in Resources */,
				71FA8B032AA54A03000E2831 /* Assets.xcassets in Resources */,
				71D16D0F2ABCE54B00BE9B3A /* InfoPlist.strings in Resources */,
			);
			runOnlyForDeploymentPostprocessing = 0;
		};
		71FA8B092AA54A03000E2831 /* Resources */ = {
			isa = PBXResourcesBuildPhase;
			buildActionMask = 2147483647;
			files = (
			);
			runOnlyForDeploymentPostprocessing = 0;
		};
		71FA8B132AA54A03000E2831 /* Resources */ = {
			isa = PBXResourcesBuildPhase;
			buildActionMask = 2147483647;
			files = (
			);
			runOnlyForDeploymentPostprocessing = 0;
		};
/* End PBXResourcesBuildPhase section */

/* Begin PBXSourcesBuildPhase section */
		7137D6EE2AA600D500CE239B /* Sources */ = {
			isa = PBXSourcesBuildPhase;
			buildActionMask = 2147483647;
			files = (
				7137D70C2AA6601200CE239B /* URLSessionExtension.swift in Sources */,
				71D16D142ABDA9D700BE9B3A /* DateExtension.swift in Sources */,
				7137D70D2AA6602D00CE239B /* HolidayDay.swift in Sources */,
				7137D70E2AA67A2300CE239B /* Holiday.swift in Sources */,
				714270002ABCB89100C94742 /* UIColorExtension.swift in Sources */,
				7137D6FE2AA600D500CE239B /* UHCWidget.swift in Sources */,
				71EDA5C62C3D3DD000FC7E8C /* EncodableExtenstion.swift in Sources */,
				7137D6FA2AA600D500CE239B /* UHCWidgetBundle.swift in Sources */,
				718743AA2AB3B7FC00A6EFC0 /* FloatingHoliday.swift in Sources */,
				71D16D152ABDB59600BE9B3A /* ObservableConfig.swift in Sources */,
				718743A32AAFB8F500A6EFC0 /* UHCWidget.intentdefinition in Sources */,
				7123B09A2AC4B9CB00295E71 /* UHCWidget.intentdefinition in Sources */,
			);
			runOnlyForDeploymentPostprocessing = 0;
		};
		71FA8AF72AA54A00000E2831 /* Sources */ = {
			isa = PBXSourcesBuildPhase;
			buildActionMask = 2147483647;
			files = (
				71FA8AFF2AA54A00000E2831 /* UHCApp.swift in Sources */,
				1A8B10790965E9FA883073F5 /* SheetView.swift in Sources */,
				7109DEFA2C4A3F7B00600EDA /* MissingHolidayPayload.swift in Sources */,
				1A8B1300D25F3DF37014DB4E /* MonthScreenView.swift in Sources */,
				1A8B193C13A479F68307A24A /* Holiday.swift in Sources */,
				1A8B1F7FF4C4565DF161C065 /* HolidayDay.swift in Sources */,
				1A8B12DCBD209A62D97052F5 /* DateExtension.swift in Sources */,
				71896E2D2C27E8DD00E2B000 /* ReportScreenView.swift in Sources */,
				718743A22AAFB8F500A6EFC0 /* UHCWidget.intentdefinition in Sources */,
				1A8B16B55B81D47B30A8FEB6 /* ArrayExtension.swift in Sources */,
				1A8B1E96C93116A2D02E6335 /* URLSessionExtension.swift in Sources */,
				1A8B1DF78BB062853E4ADA84 /* ContentView.swift in Sources */,
				1A8B1AEA03E60FDB045A3F6D /* MonthAdapter.swift in Sources */,
				711F6D752C39414500CCBDB5 /* MissingHolidayScreenView.swift in Sources */,
				1A8B13A5961A9CF307EAE195 /* AppDelegate.swift in Sources */,
				1A8B13FBBE820C88F7AD2481 /* ObservableConfig.swift in Sources */,
				71EDA5C72C3D3DD000FC7E8C /* EncodableExtenstion.swift in Sources */,
				1A8B15612F5FA0A8B3DB25CF /* UIColorExtension.swift in Sources */,
				71B81C912C25701E0039D554 /* MainScreenView.swift in Sources */,
				1A8B1CE5273716CC84621F94 /* FloatingHoliday.swift in Sources */,
				1A8B112B631A5308FA97FA6B /* UnusualCalendar.swift in Sources */,
				1A8B13F836D3BECA852C2A7B /* SearchView.swift in Sources */,
			);
			runOnlyForDeploymentPostprocessing = 0;
		};
		71FA8B072AA54A03000E2831 /* Sources */ = {
			isa = PBXSourcesBuildPhase;
			buildActionMask = 2147483647;
			files = (
				71FA8B102AA54A03000E2831 /* UHCTests.swift in Sources */,
			);
			runOnlyForDeploymentPostprocessing = 0;
		};
		71FA8B112AA54A03000E2831 /* Sources */ = {
			isa = PBXSourcesBuildPhase;
			buildActionMask = 2147483647;
			files = (
				71FA8B1A2AA54A03000E2831 /* UHCUITests.swift in Sources */,
				71FA8B1C2AA54A03000E2831 /* UHCUITestsLaunchTests.swift in Sources */,
			);
			runOnlyForDeploymentPostprocessing = 0;
		};
/* End PBXSourcesBuildPhase section */

/* Begin PBXTargetDependency section */
		7137D7062AA600DB00CE239B /* PBXTargetDependency */ = {
			isa = PBXTargetDependency;
			platformFilter = ios;
			target = 7137D6F12AA600D500CE239B /* UHCWidgetExtension */;
			targetProxy = 7137D7052AA600DB00CE239B /* PBXContainerItemProxy */;
		};
		71FA8B0D2AA54A03000E2831 /* PBXTargetDependency */ = {
			isa = PBXTargetDependency;
			target = 71FA8AFA2AA54A00000E2831 /* UHC */;
			targetProxy = 71FA8B0C2AA54A03000E2831 /* PBXContainerItemProxy */;
		};
		71FA8B172AA54A03000E2831 /* PBXTargetDependency */ = {
			isa = PBXTargetDependency;
			target = 71FA8AFA2AA54A00000E2831 /* UHC */;
			targetProxy = 71FA8B162AA54A03000E2831 /* PBXContainerItemProxy */;
		};
/* End PBXTargetDependency section */

/* Begin PBXVariantGroup section */
		7123B09C2AC4B9CB00295E71 /* UHCWidget.intentdefinition */ = {
			isa = PBXVariantGroup;
			children = (
				7123B09B2AC4B9CB00295E71 /* en */,
			);
			name = UHCWidget.intentdefinition;
			sourceTree = "<group>";
		};
		7137D6ED2AA5D6FD00CE239B /* Localizable.strings */ = {
			isa = PBXVariantGroup;
			children = (
				7137D6EC2AA5D6FD00CE239B /* en */,
				1A8B1AC23FE5563DD8D09062 /* pl */,
			);
			name = Localizable.strings;
			sourceTree = "<group>";
		};
		7137D7152AA6830200CE239B /* Localizable.strings */ = {
			isa = PBXVariantGroup;
			children = (
				7137D7142AA6830200CE239B /* en */,
				7137D7162AA6830400CE239B /* pl */,
			);
			name = Localizable.strings;
			sourceTree = "<group>";
		};
		718743A52AAFB8F500A6EFC0 /* UHCWidget.intentdefinition */ = {
			isa = PBXVariantGroup;
			children = (
				718743A72AAFB8FA00A6EFC0 /* en */,
				718743A92AAFB8FB00A6EFC0 /* pl */,
			);
			name = UHCWidget.intentdefinition;
			sourceTree = "<group>";
		};
		71D16D122ABCE54B00BE9B3A /* InfoPlist.strings */ = {
			isa = PBXVariantGroup;
			children = (
				71D16D112ABCE54B00BE9B3A /* en */,
				71D16D132ABCE54C00BE9B3A /* pl */,
			);
			name = InfoPlist.strings;
			sourceTree = "<group>";
		};
/* End PBXVariantGroup section */

/* Begin XCBuildConfiguration section */
		7137D7092AA600DB00CE239B /* Debug */ = {
			isa = XCBuildConfiguration;
			buildSettings = {
				ASSETCATALOG_COMPILER_GLOBAL_ACCENT_COLOR_NAME = AccentColor;
				ASSETCATALOG_COMPILER_WIDGET_BACKGROUND_COLOR_NAME = WidgetBackground;
				CODE_SIGN_STYLE = Automatic;
				CURRENT_PROJECT_VERSION = 1;
				DEVELOPMENT_TEAM = 5A8327DV4D;
				GENERATE_INFOPLIST_FILE = YES;
				INFOPLIST_FILE = UHCWidget/Info.plist;
				INFOPLIST_KEY_CFBundleDisplayName = UHCWidget;
				INFOPLIST_KEY_NSHumanReadableCopyright = "";
				IPHONEOS_DEPLOYMENT_TARGET = 17.0;
				LD_RUNPATH_SEARCH_PATHS = (
					"$(inherited)",
					"@executable_path/Frameworks",
					"@executable_path/../../Frameworks",
				);
				MACOSX_DEPLOYMENT_TARGET = 13.5;
				MARKETING_VERSION = 1.1.5;
				PRODUCT_BUNDLE_IDENTIFIER = eu.andret.uhc.widget;
				PRODUCT_NAME = "$(TARGET_NAME)";
				SKIP_INSTALL = YES;
				SUPPORTED_PLATFORMS = "iphoneos iphonesimulator";
				SUPPORTS_MACCATALYST = NO;
				SUPPORTS_MAC_DESIGNED_FOR_IPHONE_IPAD = YES;
				SWIFT_EMIT_LOC_STRINGS = YES;
				SWIFT_VERSION = 5.0;
				TARGETED_DEVICE_FAMILY = "1,2";
			};
			name = Debug;
		};
		7137D70A2AA600DB00CE239B /* Release */ = {
			isa = XCBuildConfiguration;
			buildSettings = {
				ASSETCATALOG_COMPILER_GLOBAL_ACCENT_COLOR_NAME = AccentColor;
				ASSETCATALOG_COMPILER_WIDGET_BACKGROUND_COLOR_NAME = WidgetBackground;
				CODE_SIGN_STYLE = Automatic;
				CURRENT_PROJECT_VERSION = 1;
				DEVELOPMENT_TEAM = 5A8327DV4D;
				GENERATE_INFOPLIST_FILE = YES;
				INFOPLIST_FILE = UHCWidget/Info.plist;
				INFOPLIST_KEY_CFBundleDisplayName = UHCWidget;
				INFOPLIST_KEY_NSHumanReadableCopyright = "";
				IPHONEOS_DEPLOYMENT_TARGET = 17.0;
				LD_RUNPATH_SEARCH_PATHS = (
					"$(inherited)",
					"@executable_path/Frameworks",
					"@executable_path/../../Frameworks",
				);
				MACOSX_DEPLOYMENT_TARGET = 13.5;
				MARKETING_VERSION = 1.1.5;
				PRODUCT_BUNDLE_IDENTIFIER = eu.andret.uhc.widget;
				PRODUCT_NAME = "$(TARGET_NAME)";
				SKIP_INSTALL = YES;
				SUPPORTED_PLATFORMS = "iphoneos iphonesimulator";
				SUPPORTS_MACCATALYST = NO;
				SUPPORTS_MAC_DESIGNED_FOR_IPHONE_IPAD = YES;
				SWIFT_EMIT_LOC_STRINGS = YES;
				SWIFT_VERSION = 5.0;
				TARGETED_DEVICE_FAMILY = "1,2";
			};
			name = Release;
		};
		71FA8B1D2AA54A03000E2831 /* Debug */ = {
			isa = XCBuildConfiguration;
			buildSettings = {
				ALWAYS_SEARCH_USER_PATHS = NO;
				ASSETCATALOG_COMPILER_GENERATE_SWIFT_ASSET_SYMBOL_EXTENSIONS = YES;
				CLANG_ANALYZER_LOCALIZABILITY_NONLOCALIZED = YES;
				CLANG_ANALYZER_NONNULL = YES;
				CLANG_ANALYZER_NUMBER_OBJECT_CONVERSION = YES_AGGRESSIVE;
				CLANG_CXX_LANGUAGE_STANDARD = "gnu++20";
				CLANG_ENABLE_MODULES = YES;
				CLANG_ENABLE_OBJC_ARC = YES;
				CLANG_ENABLE_OBJC_WEAK = YES;
				CLANG_WARN_BLOCK_CAPTURE_AUTORELEASING = YES;
				CLANG_WARN_BOOL_CONVERSION = YES;
				CLANG_WARN_COMMA = YES;
				CLANG_WARN_CONSTANT_CONVERSION = YES;
				CLANG_WARN_DEPRECATED_OBJC_IMPLEMENTATIONS = YES;
				CLANG_WARN_DIRECT_OBJC_ISA_USAGE = YES_ERROR;
				CLANG_WARN_DOCUMENTATION_COMMENTS = YES;
				CLANG_WARN_EMPTY_BODY = YES;
				CLANG_WARN_ENUM_CONVERSION = YES;
				CLANG_WARN_INFINITE_RECURSION = YES;
				CLANG_WARN_INT_CONVERSION = YES;
				CLANG_WARN_NON_LITERAL_NULL_CONVERSION = YES;
				CLANG_WARN_OBJC_IMPLICIT_RETAIN_SELF = YES;
				CLANG_WARN_OBJC_LITERAL_CONVERSION = YES;
				CLANG_WARN_OBJC_ROOT_CLASS = YES_ERROR;
				CLANG_WARN_QUOTED_INCLUDE_IN_FRAMEWORK_HEADER = YES;
				CLANG_WARN_RANGE_LOOP_ANALYSIS = YES;
				CLANG_WARN_STRICT_PROTOTYPES = YES;
				CLANG_WARN_SUSPICIOUS_MOVE = YES;
				CLANG_WARN_UNGUARDED_AVAILABILITY = YES_AGGRESSIVE;
				CLANG_WARN_UNREACHABLE_CODE = YES;
				CLANG_WARN__DUPLICATE_METHOD_MATCH = YES;
				COPY_PHASE_STRIP = NO;
				DEBUG_INFORMATION_FORMAT = dwarf;
				ENABLE_STRICT_OBJC_MSGSEND = YES;
				ENABLE_TESTABILITY = YES;
				ENABLE_USER_SCRIPT_SANDBOXING = YES;
				GCC_C_LANGUAGE_STANDARD = gnu11;
				GCC_DYNAMIC_NO_PIC = NO;
				GCC_NO_COMMON_BLOCKS = YES;
				GCC_OPTIMIZATION_LEVEL = 0;
				GCC_PREPROCESSOR_DEFINITIONS = (
					"DEBUG=1",
					"$(inherited)",
				);
				GCC_WARN_64_TO_32_BIT_CONVERSION = YES;
				GCC_WARN_ABOUT_RETURN_TYPE = YES_ERROR;
				GCC_WARN_UNDECLARED_SELECTOR = YES;
				GCC_WARN_UNINITIALIZED_AUTOS = YES_AGGRESSIVE;
				GCC_WARN_UNUSED_FUNCTION = YES;
				GCC_WARN_UNUSED_VARIABLE = YES;
				IPHONEOS_DEPLOYMENT_TARGET = 17.5;
				MTL_ENABLE_DEBUG_INFO = INCLUDE_SOURCE;
				MTL_FAST_MATH = YES;
				ONLY_ACTIVE_ARCH = YES;
				SDKROOT = iphoneos;
				SWIFT_ACTIVE_COMPILATION_CONDITIONS = DEBUG;
				SWIFT_OPTIMIZATION_LEVEL = "-Onone";
			};
			name = Debug;
		};
		71FA8B1E2AA54A03000E2831 /* Release */ = {
			isa = XCBuildConfiguration;
			buildSettings = {
				ALWAYS_SEARCH_USER_PATHS = NO;
				ASSETCATALOG_COMPILER_GENERATE_SWIFT_ASSET_SYMBOL_EXTENSIONS = YES;
				CLANG_ANALYZER_LOCALIZABILITY_NONLOCALIZED = YES;
				CLANG_ANALYZER_NONNULL = YES;
				CLANG_ANALYZER_NUMBER_OBJECT_CONVERSION = YES_AGGRESSIVE;
				CLANG_CXX_LANGUAGE_STANDARD = "gnu++20";
				CLANG_ENABLE_MODULES = YES;
				CLANG_ENABLE_OBJC_ARC = YES;
				CLANG_ENABLE_OBJC_WEAK = YES;
				CLANG_WARN_BLOCK_CAPTURE_AUTORELEASING = YES;
				CLANG_WARN_BOOL_CONVERSION = YES;
				CLANG_WARN_COMMA = YES;
				CLANG_WARN_CONSTANT_CONVERSION = YES;
				CLANG_WARN_DEPRECATED_OBJC_IMPLEMENTATIONS = YES;
				CLANG_WARN_DIRECT_OBJC_ISA_USAGE = YES_ERROR;
				CLANG_WARN_DOCUMENTATION_COMMENTS = YES;
				CLANG_WARN_EMPTY_BODY = YES;
				CLANG_WARN_ENUM_CONVERSION = YES;
				CLANG_WARN_INFINITE_RECURSION = YES;
				CLANG_WARN_INT_CONVERSION = YES;
				CLANG_WARN_NON_LITERAL_NULL_CONVERSION = YES;
				CLANG_WARN_OBJC_IMPLICIT_RETAIN_SELF = YES;
				CLANG_WARN_OBJC_LITERAL_CONVERSION = YES;
				CLANG_WARN_OBJC_ROOT_CLASS = YES_ERROR;
				CLANG_WARN_QUOTED_INCLUDE_IN_FRAMEWORK_HEADER = YES;
				CLANG_WARN_RANGE_LOOP_ANALYSIS = YES;
				CLANG_WARN_STRICT_PROTOTYPES = YES;
				CLANG_WARN_SUSPICIOUS_MOVE = YES;
				CLANG_WARN_UNGUARDED_AVAILABILITY = YES_AGGRESSIVE;
				CLANG_WARN_UNREACHABLE_CODE = YES;
				CLANG_WARN__DUPLICATE_METHOD_MATCH = YES;
				COPY_PHASE_STRIP = NO;
				DEBUG_INFORMATION_FORMAT = "dwarf-with-dsym";
				ENABLE_NS_ASSERTIONS = NO;
				ENABLE_STRICT_OBJC_MSGSEND = YES;
				ENABLE_USER_SCRIPT_SANDBOXING = YES;
				GCC_C_LANGUAGE_STANDARD = gnu11;
				GCC_NO_COMMON_BLOCKS = YES;
				GCC_WARN_64_TO_32_BIT_CONVERSION = YES;
				GCC_WARN_ABOUT_RETURN_TYPE = YES_ERROR;
				GCC_WARN_UNDECLARED_SELECTOR = YES;
				GCC_WARN_UNINITIALIZED_AUTOS = YES_AGGRESSIVE;
				GCC_WARN_UNUSED_FUNCTION = YES;
				GCC_WARN_UNUSED_VARIABLE = YES;
				IPHONEOS_DEPLOYMENT_TARGET = 17.5;
				MTL_ENABLE_DEBUG_INFO = NO;
				MTL_FAST_MATH = YES;
				SDKROOT = iphoneos;
				SWIFT_COMPILATION_MODE = wholemodule;
				SWIFT_OPTIMIZATION_LEVEL = "-O";
				VALIDATE_PRODUCT = YES;
			};
			name = Release;
		};
		71FA8B202AA54A03000E2831 /* Debug */ = {
			isa = XCBuildConfiguration;
			buildSettings = {
				ASSETCATALOG_COMPILER_APPICON_NAME = AppIcon;
				ASSETCATALOG_COMPILER_GLOBAL_ACCENT_COLOR_NAME = AccentColor;
				CODE_SIGN_STYLE = Automatic;
				CURRENT_PROJECT_VERSION = 1;
				DEVELOPMENT_ASSET_PATHS = "\"UHC/Preview Content\"";
				DEVELOPMENT_TEAM = 5A8327DV4D;
				ENABLE_PREVIEWS = YES;
				GENERATE_INFOPLIST_FILE = YES;
				INFOPLIST_FILE = UHC/Info.plist;
				INFOPLIST_KEY_CFBundleDisplayName = "Unusual Holiday Calendar";
				INFOPLIST_KEY_LSApplicationCategoryType = "public.app-category.entertainment";
				INFOPLIST_KEY_UIApplicationSceneManifest_Generation = YES;
				INFOPLIST_KEY_UIApplicationSupportsIndirectInputEvents = YES;
				INFOPLIST_KEY_UILaunchScreen_Generation = YES;
				INFOPLIST_KEY_UIStatusBarStyle = "";
				INFOPLIST_KEY_UISupportedInterfaceOrientations = "UIInterfaceOrientationPortrait UIInterfaceOrientationPortraitUpsideDown";
				INFOPLIST_KEY_UISupportedInterfaceOrientations_iPad = "UIInterfaceOrientationLandscapeLeft UIInterfaceOrientationLandscapeRight UIInterfaceOrientationPortrait UIInterfaceOrientationPortraitUpsideDown";
				IPHONEOS_DEPLOYMENT_TARGET = 17.5;
				LD_RUNPATH_SEARCH_PATHS = (
					"$(inherited)",
					"@executable_path/Frameworks",
				);
				MARKETING_VERSION = 1.1.5;
				PRODUCT_BUNDLE_IDENTIFIER = eu.andret.uhc;
				PRODUCT_NAME = "$(TARGET_NAME)";
				SUPPORTED_PLATFORMS = "iphoneos iphonesimulator";
				SUPPORTS_MACCATALYST = NO;
				SUPPORTS_MAC_DESIGNED_FOR_IPHONE_IPAD = YES;
				SWIFT_EMIT_LOC_STRINGS = YES;
				SWIFT_VERSION = 5.0;
				TARGETED_DEVICE_FAMILY = "1,2";
			};
			name = Debug;
		};
		71FA8B212AA54A03000E2831 /* Release */ = {
			isa = XCBuildConfiguration;
			buildSettings = {
				ASSETCATALOG_COMPILER_APPICON_NAME = AppIcon;
				ASSETCATALOG_COMPILER_GLOBAL_ACCENT_COLOR_NAME = AccentColor;
				CODE_SIGN_STYLE = Automatic;
				CURRENT_PROJECT_VERSION = 1;
				DEVELOPMENT_ASSET_PATHS = "\"UHC/Preview Content\"";
				DEVELOPMENT_TEAM = 5A8327DV4D;
				ENABLE_PREVIEWS = YES;
				GENERATE_INFOPLIST_FILE = YES;
				INFOPLIST_FILE = UHC/Info.plist;
				INFOPLIST_KEY_CFBundleDisplayName = "Unusual Holiday Calendar";
				INFOPLIST_KEY_LSApplicationCategoryType = "public.app-category.entertainment";
				INFOPLIST_KEY_UIApplicationSceneManifest_Generation = YES;
				INFOPLIST_KEY_UIApplicationSupportsIndirectInputEvents = YES;
				INFOPLIST_KEY_UILaunchScreen_Generation = YES;
				INFOPLIST_KEY_UIStatusBarStyle = "";
				INFOPLIST_KEY_UISupportedInterfaceOrientations = "UIInterfaceOrientationPortrait UIInterfaceOrientationPortraitUpsideDown";
				INFOPLIST_KEY_UISupportedInterfaceOrientations_iPad = "UIInterfaceOrientationLandscapeLeft UIInterfaceOrientationLandscapeRight UIInterfaceOrientationPortrait UIInterfaceOrientationPortraitUpsideDown";
				IPHONEOS_DEPLOYMENT_TARGET = 17.5;
				LD_RUNPATH_SEARCH_PATHS = (
					"$(inherited)",
					"@executable_path/Frameworks",
				);
				MARKETING_VERSION = 1.1.5;
				PRODUCT_BUNDLE_IDENTIFIER = eu.andret.uhc;
				PRODUCT_NAME = "$(TARGET_NAME)";
				SUPPORTED_PLATFORMS = "iphoneos iphonesimulator";
				SUPPORTS_MACCATALYST = NO;
				SUPPORTS_MAC_DESIGNED_FOR_IPHONE_IPAD = YES;
				SWIFT_EMIT_LOC_STRINGS = YES;
				SWIFT_VERSION = 5.0;
				TARGETED_DEVICE_FAMILY = "1,2";
			};
			name = Release;
		};
		71FA8B232AA54A03000E2831 /* Debug */ = {
			isa = XCBuildConfiguration;
			buildSettings = {
				BUNDLE_LOADER = "$(TEST_HOST)";
				CODE_SIGN_STYLE = Automatic;
				CURRENT_PROJECT_VERSION = 1;
				GENERATE_INFOPLIST_FILE = YES;
				IPHONEOS_DEPLOYMENT_TARGET = 16.6;
				MARKETING_VERSION = 1.0;
				PRODUCT_BUNDLE_IDENTIFIER = eu.andret.UHCTests;
				PRODUCT_NAME = "$(TARGET_NAME)";
				SWIFT_EMIT_LOC_STRINGS = NO;
				SWIFT_VERSION = 5.0;
				TARGETED_DEVICE_FAMILY = "1,2";
				TEST_HOST = "$(BUILT_PRODUCTS_DIR)/UHC.app/$(BUNDLE_EXECUTABLE_FOLDER_PATH)/UHC";
			};
			name = Debug;
		};
		71FA8B242AA54A03000E2831 /* Release */ = {
			isa = XCBuildConfiguration;
			buildSettings = {
				BUNDLE_LOADER = "$(TEST_HOST)";
				CODE_SIGN_STYLE = Automatic;
				CURRENT_PROJECT_VERSION = 1;
				GENERATE_INFOPLIST_FILE = YES;
				IPHONEOS_DEPLOYMENT_TARGET = 16.6;
				MARKETING_VERSION = 1.0;
				PRODUCT_BUNDLE_IDENTIFIER = eu.andret.UHCTests;
				PRODUCT_NAME = "$(TARGET_NAME)";
				SWIFT_EMIT_LOC_STRINGS = NO;
				SWIFT_VERSION = 5.0;
				TARGETED_DEVICE_FAMILY = "1,2";
				TEST_HOST = "$(BUILT_PRODUCTS_DIR)/UHC.app/$(BUNDLE_EXECUTABLE_FOLDER_PATH)/UHC";
			};
			name = Release;
		};
		71FA8B262AA54A03000E2831 /* Debug */ = {
			isa = XCBuildConfiguration;
			buildSettings = {
				CODE_SIGN_STYLE = Automatic;
				CURRENT_PROJECT_VERSION = 1;
				GENERATE_INFOPLIST_FILE = YES;
				MARKETING_VERSION = 1.0;
				PRODUCT_BUNDLE_IDENTIFIER = eu.andret.UHCUITests;
				PRODUCT_NAME = "$(TARGET_NAME)";
				SWIFT_EMIT_LOC_STRINGS = NO;
				SWIFT_VERSION = 5.0;
				TARGETED_DEVICE_FAMILY = "1,2";
				TEST_TARGET_NAME = UHC;
			};
			name = Debug;
		};
		71FA8B272AA54A03000E2831 /* Release */ = {
			isa = XCBuildConfiguration;
			buildSettings = {
				CODE_SIGN_STYLE = Automatic;
				CURRENT_PROJECT_VERSION = 1;
				GENERATE_INFOPLIST_FILE = YES;
				MARKETING_VERSION = 1.0;
				PRODUCT_BUNDLE_IDENTIFIER = eu.andret.UHCUITests;
				PRODUCT_NAME = "$(TARGET_NAME)";
				SWIFT_EMIT_LOC_STRINGS = NO;
				SWIFT_VERSION = 5.0;
				TARGETED_DEVICE_FAMILY = "1,2";
				TEST_TARGET_NAME = UHC;
			};
			name = Release;
		};
/* End XCBuildConfiguration section */

/* Begin XCConfigurationList section */
		7137D70B2AA600DB00CE239B /* Build configuration list for PBXNativeTarget "UHCWidgetExtension" */ = {
			isa = XCConfigurationList;
			buildConfigurations = (
				7137D7092AA600DB00CE239B /* Debug */,
				7137D70A2AA600DB00CE239B /* Release */,
			);
			defaultConfigurationIsVisible = 0;
			defaultConfigurationName = Release;
		};
		71FA8AF62AA54A00000E2831 /* Build configuration list for PBXProject "UHC" */ = {
			isa = XCConfigurationList;
			buildConfigurations = (
				71FA8B1D2AA54A03000E2831 /* Debug */,
				71FA8B1E2AA54A03000E2831 /* Release */,
			);
			defaultConfigurationIsVisible = 0;
			defaultConfigurationName = Release;
		};
		71FA8B1F2AA54A03000E2831 /* Build configuration list for PBXNativeTarget "UHC" */ = {
			isa = XCConfigurationList;
			buildConfigurations = (
				71FA8B202AA54A03000E2831 /* Debug */,
				71FA8B212AA54A03000E2831 /* Release */,
			);
			defaultConfigurationIsVisible = 0;
			defaultConfigurationName = Release;
		};
		71FA8B222AA54A03000E2831 /* Build configuration list for PBXNativeTarget "UHCTests" */ = {
			isa = XCConfigurationList;
			buildConfigurations = (
				71FA8B232AA54A03000E2831 /* Debug */,
				71FA8B242AA54A03000E2831 /* Release */,
			);
			defaultConfigurationIsVisible = 0;
			defaultConfigurationName = Release;
		};
		71FA8B252AA54A03000E2831 /* Build configuration list for PBXNativeTarget "UHCUITests" */ = {
			isa = XCConfigurationList;
			buildConfigurations = (
				71FA8B262AA54A03000E2831 /* Debug */,
				71FA8B272AA54A03000E2831 /* Release */,
			);
			defaultConfigurationIsVisible = 0;
			defaultConfigurationName = Release;
		};
/* End XCConfigurationList section */
	};
	rootObject = 71FA8AF32AA54A00000E2831 /* Project object */;
}
