// !$*UTF8*$!
{
	archiveVersion = 1;
	classes = {
	};
	objectVersion = 90;
	objects = {

/* Begin PBXBuildFile section */
		711493FB2C4EA12200245BB4 /* GoogleSignIn in Frameworks */ = {isa = PBXBuildFile; productRef = 711493FA2C4EA12200245BB4 /* GoogleSignIn */; };
		7137D6F52AA600D500CE239B /* WidgetKit.framework in Frameworks */ = {isa = PBXBuildFile; fileRef = 7137D6F42AA600D500CE239B /* WidgetKit.framework */; };
		7137D6F72AA600D500CE239B /* SwiftUI.framework in Frameworks */ = {isa = PBXBuildFile; fileRef = 7137D6F62AA600D500CE239B /* SwiftUI.framework */; };
		7137D7072AA600DB00CE239B /* FerrioWidgetExtension.appex in Embed Foundation Extensions */ = {isa = PBXBuildFile; fileRef = 7137D6F22AA600D500CE239B /* FerrioWidgetExtension.appex */; platformFilter = ios; settings = {ATTRIBUTES = (RemoveHeadersOnCopy, ); }; };
		7192FFC02F4230720047DDFC /* Messages.framework in Frameworks */ = {isa = PBXBuildFile; fileRef = 7192FFBF2F4230710047DDFC /* Messages.framework */; };
		7192FFCC2F42307D0047DDFC /* FerrioMessagesExtension.appex in Embed Foundation Extensions */ = {isa = PBXBuildFile; fileRef = 7192FFBE2F4230710047DDFC /* FerrioMessagesExtension.appex */; settings = {ATTRIBUTES = (RemoveHeadersOnCopy, ); }; };
		71DFA0032BD143E000029519 /* GoogleSignInSwift in Frameworks */ = {isa = PBXBuildFile; productRef = 71DFA0022BD143E000029519 /* GoogleSignInSwift */; };
		71DFA0072BD14A4800029519 /* FirebaseAuth in Frameworks */ = {isa = PBXBuildFile; productRef = 71DFA0062BD14A4800029519 /* FirebaseAuth */; };
/* End PBXBuildFile section */

/* Begin PBXContainerItemProxy section */
		7137D7052AA600DB00CE239B /* PBXContainerItemProxy */ = {
			isa = PBXContainerItemProxy;
			containerPortal = 71FA8AF32AA54A00000E2831 /* Project object */;
			proxyType = 1;
			remoteGlobalIDString = 7137D6F12AA600D500CE239B;
			remoteInfo = FerrioWidgetExtension;
		};
		7192FFCA2F42307D0047DDFC /* PBXContainerItemProxy */ = {
			isa = PBXContainerItemProxy;
			containerPortal = 71FA8AF32AA54A00000E2831 /* Project object */;
			proxyType = 1;
			remoteGlobalIDString = 7192FFBD2F4230710047DDFC;
			remoteInfo = FerrioMessagesExtension;
		};
		71FA8B0C2AA54A03000E2831 /* PBXContainerItemProxy */ = {
			isa = PBXContainerItemProxy;
			containerPortal = 71FA8AF32AA54A00000E2831 /* Project object */;
			proxyType = 1;
			remoteGlobalIDString = 71FA8AFA2AA54A00000E2831;
			remoteInfo = Ferrio;
		};
		71FA8B162AA54A03000E2831 /* PBXContainerItemProxy */ = {
			isa = PBXContainerItemProxy;
			containerPortal = 71FA8AF32AA54A00000E2831 /* Project object */;
			proxyType = 1;
			remoteGlobalIDString = 71FA8AFA2AA54A00000E2831;
			remoteInfo = Ferrio;
		};
/* End PBXContainerItemProxy section */

/* Begin PBXCopyFilesBuildPhase section */
		7137D7082AA600DB00CE239B /* Embed Foundation Extensions */ = {
			isa = PBXCopyFilesBuildPhase;
			dstPath = "";
			dstSubfolder = PlugIns;
			files = (
				7137D7072AA600DB00CE239B /* FerrioWidgetExtension.appex in Embed Foundation Extensions */,
				7192FFCC2F42307D0047DDFC /* FerrioMessagesExtension.appex in Embed Foundation Extensions */,
			);
			name = "Embed Foundation Extensions";
		};
/* End PBXCopyFilesBuildPhase section */

/* Begin PBXFileReference section */
		7137D6F22AA600D500CE239B /* FerrioWidgetExtension.appex */ = {isa = PBXFileReference; explicitFileType = "wrapper.app-extension"; includeInIndex = 0; path = FerrioWidgetExtension.appex; sourceTree = BUILT_PRODUCTS_DIR; };
		7137D6F42AA600D500CE239B /* WidgetKit.framework */ = {isa = PBXFileReference; lastKnownFileType = wrapper.framework; name = WidgetKit.framework; path = System/Library/Frameworks/WidgetKit.framework; sourceTree = SDKROOT; };
		7137D6F62AA600D500CE239B /* SwiftUI.framework */ = {isa = PBXFileReference; lastKnownFileType = wrapper.framework; name = SwiftUI.framework; path = System/Library/Frameworks/SwiftUI.framework; sourceTree = SDKROOT; };
		7187DB822F4113AB0008896C /* FerrioWidgetExtension.entitlements */ = {isa = PBXFileReference; lastKnownFileType = text.plist.entitlements; path = FerrioWidgetExtension.entitlements; sourceTree = "<group>"; };
		7192FFBE2F4230710047DDFC /* FerrioMessagesExtension.appex */ = {isa = PBXFileReference; explicitFileType = "wrapper.app-extension"; includeInIndex = 0; path = FerrioMessagesExtension.appex; sourceTree = BUILT_PRODUCTS_DIR; };
		7192FFBF2F4230710047DDFC /* Messages.framework */ = {isa = PBXFileReference; lastKnownFileType = wrapper.framework; name = Messages.framework; path = System/Library/Frameworks/Messages.framework; sourceTree = SDKROOT; };
		71FA8AFB2AA54A00000E2831 /* Ferrio.app */ = {isa = PBXFileReference; explicitFileType = wrapper.application; includeInIndex = 0; path = Ferrio.app; sourceTree = BUILT_PRODUCTS_DIR; };
		71FA8B0B2AA54A03000E2831 /* FerrioTests.xctest */ = {isa = PBXFileReference; explicitFileType = wrapper.cfbundle; includeInIndex = 0; path = FerrioTests.xctest; sourceTree = BUILT_PRODUCTS_DIR; };
		71FA8B152AA54A03000E2831 /* FerrioUITests.xctest */ = {isa = PBXFileReference; explicitFileType = wrapper.cfbundle; includeInIndex = 0; path = FerrioUITests.xctest; sourceTree = BUILT_PRODUCTS_DIR; };
/* End PBXFileReference section */

/* Begin PBXFileSystemSynchronizedBuildFileExceptionSet section */
		713670243020E3EF000E0CCE /* Exceptions for "Ferrio" folder in "Ferrio" target */ = {
			isa = PBXFileSystemSynchronizedBuildFileExceptionSet;
			membershipExceptions = (
				Resources/Info.plist,
			);
			target = 71FA8AFA2AA54A00000E2831 /* Ferrio */;
		};
		713670253020E3EF000E0CCE /* Exceptions for "Ferrio" folder in "FerrioWidgetExtension" target */ = {
			isa = PBXFileSystemSynchronizedBuildFileExceptionSet;
			membershipExceptions = (
				App/ObservableConfig.swift,
				Core/Extensions/DateExtension.swift,
				Core/Extensions/StringExtension.swift,
				Core/Extensions/UIColorExtension.swift,
				Core/Extensions/URLSessionExtension.swift,
				Core/Services/CalendarService.swift,
				Data/DTOs/HolidayDTO.swift,
				Data/DTOs/HolidayReportPayload.swift,
				Data/Repositories/HolidayRepository.swift,
				Domain/Entities/Holiday.swift,
				Domain/Entities/HolidayDay.swift,
				Domain/Entities/HolidayReport.swift,
				Domain/Entities/MissingFixedHoliday.swift,
				Domain/Entities/MissingFloatingHoliday.swift,
				Domain/Entities/ReportState.swift,
				Resources/Assets.xcassets,
			);
			target = 7137D6F12AA600D500CE239B /* FerrioWidgetExtension */;
		};
		7186EFD5301FECE8004F1D17 /* Exceptions for "FerrioWidget" folder in "FerrioWidgetExtension" target */ = {
			isa = PBXFileSystemSynchronizedBuildFileExceptionSet;
			membershipExceptions = (
				Info.plist,
			);
			target = 7137D6F12AA600D500CE239B /* FerrioWidgetExtension */;
		};
		7192FFCD2F42307D0047DDFC /* Exceptions for "FerrioMessagesExtension" folder in "FerrioMessagesExtension" target */ = {
			isa = PBXFileSystemSynchronizedBuildFileExceptionSet;
			membershipExceptions = (
				Info.plist,
			);
			target = 7192FFBD2F4230710047DDFC /* FerrioMessagesExtension */;
		};
/* End PBXFileSystemSynchronizedBuildFileExceptionSet section */

/* Begin PBXFileSystemSynchronizedRootGroup section */
		71366FDD3020E3EF000E0CCE /* Ferrio */ = {
			isa = PBXFileSystemSynchronizedRootGroup;
			exceptions = (
				713670243020E3EF000E0CCE /* Exceptions for "Ferrio" folder in "Ferrio" target */,
				713670253020E3EF000E0CCE /* Exceptions for "Ferrio" folder in "FerrioWidgetExtension" target */,
			);
			path = Ferrio;
			sourceTree = "<group>";
		};
		7186EFC4301FEBF6004F1D17 /* FerrioUITests */ = {
			isa = PBXFileSystemSynchronizedRootGroup;
			path = FerrioUITests;
			sourceTree = "<group>";
		};
		7186EFC8301FEC16004F1D17 /* FerrioTests */ = {
			isa = PBXFileSystemSynchronizedRootGroup;
			path = FerrioTests;
			sourceTree = "<group>";
		};
		7186EFCF301FECE6004F1D17 /* FerrioWidget */ = {
			isa = PBXFileSystemSynchronizedRootGroup;
			exceptions = (
				7186EFD5301FECE8004F1D17 /* Exceptions for "FerrioWidget" folder in "FerrioWidgetExtension" target */,
			);
			path = FerrioWidget;
			sourceTree = "<group>";
		};
		7192FFC12F4230720047DDFC /* FerrioMessagesExtension */ = {
			isa = PBXFileSystemSynchronizedRootGroup;
			exceptions = (
				7192FFCD2F42307D0047DDFC /* Exceptions for "FerrioMessagesExtension" folder in "FerrioMessagesExtension" target */,
			);
			path = FerrioMessagesExtension;
			sourceTree = "<group>";
		};
/* End PBXFileSystemSynchronizedRootGroup section */

/* Begin PBXFrameworksBuildPhase section */
		7137D6EF2AA600D500CE239B /* Frameworks */ = {
			isa = PBXFrameworksBuildPhase;
			files = (
				7137D6F72AA600D500CE239B /* SwiftUI.framework in Frameworks */,
				7137D6F52AA600D500CE239B /* WidgetKit.framework in Frameworks */,
			);
		};
		7192FFBB2F4230710047DDFC /* Frameworks */ = {
			isa = PBXFrameworksBuildPhase;
			files = (
				7192FFC02F4230720047DDFC /* Messages.framework in Frameworks */,
			);
		};
		71FA8AF82AA54A00000E2831 /* Frameworks */ = {
			isa = PBXFrameworksBuildPhase;
			files = (
				71DFA0032BD143E000029519 /* GoogleSignInSwift in Frameworks */,
				71DFA0072BD14A4800029519 /* FirebaseAuth in Frameworks */,
				711493FB2C4EA12200245BB4 /* GoogleSignIn in Frameworks */,
			);
		};
		71FA8B082AA54A03000E2831 /* Frameworks */ = {
			isa = PBXFrameworksBuildPhase;
			files = (
			);
		};
		71FA8B122AA54A03000E2831 /* Frameworks */ = {
			isa = PBXFrameworksBuildPhase;
			files = (
			);
		};
/* End PBXFrameworksBuildPhase section */

/* Begin PBXGroup section */
		7137D6F32AA600D500CE239B /* Frameworks */ = {
			isa = PBXGroup;
			children = (
				7137D6F42AA600D500CE239B /* WidgetKit.framework */,
				7137D6F62AA600D500CE239B /* SwiftUI.framework */,
				7192FFBF2F4230710047DDFC /* Messages.framework */,
			);
			name = Frameworks;
			sourceTree = "<group>";
		};
		71FA8AF22AA54A00000E2831 = {
			isa = PBXGroup;
			children = (
				7187DB822F4113AB0008896C /* FerrioWidgetExtension.entitlements */,
				71366FDD3020E3EF000E0CCE /* Ferrio */,
				7186EFC8301FEC16004F1D17 /* FerrioTests */,
				7186EFC4301FEBF6004F1D17 /* FerrioUITests */,
				7186EFCF301FECE6004F1D17 /* FerrioWidget */,
				7192FFC12F4230720047DDFC /* FerrioMessagesExtension */,
				7137D6F32AA600D500CE239B /* Frameworks */,
				71FA8AFC2AA54A00000E2831 /* Products */,
			);
			sourceTree = "<group>";
			usesTabs = 1;
			wrapsLines = 0;
		};
		71FA8AFC2AA54A00000E2831 /* Products */ = {
			isa = PBXGroup;
			children = (
				71FA8AFB2AA54A00000E2831 /* Ferrio.app */,
				71FA8B0B2AA54A03000E2831 /* FerrioTests.xctest */,
				71FA8B152AA54A03000E2831 /* FerrioUITests.xctest */,
				7137D6F22AA600D500CE239B /* FerrioWidgetExtension.appex */,
				7192FFBE2F4230710047DDFC /* FerrioMessagesExtension.appex */,
			);
			name = Products;
			sourceTree = "<group>";
		};
/* End PBXGroup section */

/* Begin PBXNativeTarget section */
		7137D6F12AA600D500CE239B /* FerrioWidgetExtension */ = {
			isa = PBXNativeTarget;
			buildConfigurationList = 7137D70B2AA600DB00CE239B /* Build configuration list for PBXNativeTarget "FerrioWidgetExtension" */;
			buildPhases = (
				7137D6EE2AA600D500CE239B /* Sources */,
				7137D6EF2AA600D500CE239B /* Frameworks */,
				7137D6F02AA600D500CE239B /* Resources */,
			);
			buildRules = (
			);
			fileSystemSynchronizedGroups = (
				7186EFCF301FECE6004F1D17 /* FerrioWidget */,
			);
			name = FerrioWidgetExtension;
			productName = FerrioWidgetExtension;
			productReference = 7137D6F22AA600D500CE239B /* FerrioWidgetExtension.appex */;
			productType = "com.apple.product-type.app-extension";
		};
		7192FFBD2F4230710047DDFC /* FerrioMessagesExtension */ = {
			isa = PBXNativeTarget;
			buildConfigurationList = 7192FFCE2F42307D0047DDFC /* Build configuration list for PBXNativeTarget "FerrioMessagesExtension" */;
			buildPhases = (
				7192FFBA2F4230710047DDFC /* Sources */,
				7192FFBB2F4230710047DDFC /* Frameworks */,
				7192FFBC2F4230710047DDFC /* Resources */,
			);
			buildRules = (
			);
			fileSystemSynchronizedGroups = (
				7192FFC12F4230720047DDFC /* FerrioMessagesExtension */,
			);
			name = FerrioMessagesExtension;
			productName = FerrioMessagesExtension;
			productReference = 7192FFBE2F4230710047DDFC /* FerrioMessagesExtension.appex */;
			productType = "com.apple.product-type.app-extension.messages";
		};
		71FA8AFA2AA54A00000E2831 /* Ferrio */ = {
			isa = PBXNativeTarget;
			buildConfigurationList = 71FA8B1F2AA54A03000E2831 /* Build configuration list for PBXNativeTarget "Ferrio" */;
			buildPhases = (
				71FA8AF72AA54A00000E2831 /* Sources */,
				71FA8AF82AA54A00000E2831 /* Frameworks */,
				71FA8AF92AA54A00000E2831 /* Resources */,
				7137D7082AA600DB00CE239B /* Embed Foundation Extensions */,
			);
			buildRules = (
			);
			dependencies = (
				7137D7062AA600DB00CE239B /* PBXTargetDependency */,
				7192FFCB2F42307D0047DDFC /* PBXTargetDependency */,
			);
			fileSystemSynchronizedGroups = (
				71366FDD3020E3EF000E0CCE /* Ferrio */,
			);
			name = Ferrio;
			packageProductDependencies = (
				71DFA0022BD143E000029519 /* GoogleSignInSwift */,
				71DFA0062BD14A4800029519 /* FirebaseAuth */,
				711493FA2C4EA12200245BB4 /* GoogleSignIn */,
			);
			productName = Ferrio;
			productReference = 71FA8AFB2AA54A00000E2831 /* Ferrio.app */;
			productType = "com.apple.product-type.application";
		};
		71FA8B0A2AA54A03000E2831 /* FerrioTests */ = {
			isa = PBXNativeTarget;
			buildConfigurationList = 71FA8B222AA54A03000E2831 /* Build configuration list for PBXNativeTarget "FerrioTests" */;
			buildPhases = (
				71FA8B072AA54A03000E2831 /* Sources */,
				71FA8B082AA54A03000E2831 /* Frameworks */,
				71FA8B092AA54A03000E2831 /* Resources */,
			);
			buildRules = (
			);
			dependencies = (
				71FA8B0D2AA54A03000E2831 /* PBXTargetDependency */,
			);
			fileSystemSynchronizedGroups = (
				7186EFC8301FEC16004F1D17 /* FerrioTests */,
			);
			name = FerrioTests;
			productName = FerrioTests;
			productReference = 71FA8B0B2AA54A03000E2831 /* FerrioTests.xctest */;
			productType = "com.apple.product-type.bundle.unit-test";
		};
		71FA8B142AA54A03000E2831 /* FerrioUITests */ = {
			isa = PBXNativeTarget;
			buildConfigurationList = 71FA8B252AA54A03000E2831 /* Build configuration list for PBXNativeTarget "FerrioUITests" */;
			buildPhases = (
				71FA8B112AA54A03000E2831 /* Sources */,
				71FA8B122AA54A03000E2831 /* Frameworks */,
				71FA8B132AA54A03000E2831 /* Resources */,
			);
			buildRules = (
			);
			dependencies = (
				71FA8B172AA54A03000E2831 /* PBXTargetDependency */,
			);
			fileSystemSynchronizedGroups = (
				7186EFC4301FEBF6004F1D17 /* FerrioUITests */,
			);
			name = FerrioUITests;
			productName = FerrioUITests;
			productReference = 71FA8B152AA54A03000E2831 /* FerrioUITests.xctest */;
			productType = "com.apple.product-type.bundle.ui-testing";
		};
/* End PBXNativeTarget section */

/* Begin PBXProject section */
		71FA8AF32AA54A00000E2831 /* Project object */ = {
			isa = PBXProject;
			attributes = {
				BuildIndependentTargetsInParallel = 1;
				LastSwiftUpdateCheck = 2620;
				LastUpgradeCheck = 2600;
				TargetAttributes = {
					7137D6F12AA600D500CE239B = {
						CreatedOnToolsVersion = 14.3.1;
					};
					7192FFBD2F4230710047DDFC = {
						CreatedOnToolsVersion = 26.2;
					};
					71FA8AFA2AA54A00000E2831 = {
						CreatedOnToolsVersion = 14.3.1;
					};
					71FA8B0A2AA54A03000E2831 = {
						CreatedOnToolsVersion = 14.3.1;
						TestTargetID = 71FA8AFA2AA54A00000E2831;
					};
					71FA8B142AA54A03000E2831 = {
						CreatedOnToolsVersion = 14.3.1;
						TestTargetID = 71FA8AFA2AA54A00000E2831;
					};
				};
			};
			buildConfigurationList = 71FA8AF62AA54A00000E2831 /* Build configuration list for PBXProject "Ferrio" */;
			developmentRegion = en;
			hasScannedForEncodings = 0;
			knownRegions = (
				en,
				pl,
				Base,
			);
			mainGroup = 71FA8AF22AA54A00000E2831;
			packageReferences = (
				718081FA2BCFBBA100CF38AC /* XCRemoteSwiftPackageReference "firebase-ios-sdk" */,
				71DFA0012BD143E000029519 /* XCRemoteSwiftPackageReference "GoogleSignIn-iOS" */,
			);
			preferredProjectObjectVersion = 90;
			productRefGroup = 71FA8AFC2AA54A00000E2831 /* Products */;
			projectDirPath = "";
			projectRoot = "";
			targets = (
				71FA8AFA2AA54A00000E2831 /* Ferrio */,
				71FA8B0A2AA54A03000E2831 /* FerrioTests */,
				71FA8B142AA54A03000E2831 /* FerrioUITests */,
				7137D6F12AA600D500CE239B /* FerrioWidgetExtension */,
				7192FFBD2F4230710047DDFC /* FerrioMessagesExtension */,
			);
		};
/* End PBXProject section */

/* Begin PBXResourcesBuildPhase section */
		7137D6F02AA600D500CE239B /* Resources */ = {
			isa = PBXResourcesBuildPhase;
			files = (
			);
		};
		7192FFBC2F4230710047DDFC /* Resources */ = {
			isa = PBXResourcesBuildPhase;
			files = (
			);
		};
		71FA8AF92AA54A00000E2831 /* Resources */ = {
			isa = PBXResourcesBuildPhase;
			files = (
			);
		};
		71FA8B092AA54A03000E2831 /* Resources */ = {
			isa = PBXResourcesBuildPhase;
			files = (
			);
		};
		71FA8B132AA54A03000E2831 /* Resources */ = {
			isa = PBXResourcesBuildPhase;
			files = (
			);
		};
/* End PBXResourcesBuildPhase section */

/* Begin PBXSourcesBuildPhase section */
		7137D6EE2AA600D500CE239B /* Sources */ = {
			isa = PBXSourcesBuildPhase;
			files = (
			);
		};
		7192FFBA2F4230710047DDFC /* Sources */ = {
			isa = PBXSourcesBuildPhase;
			files = (
			);
		};
		71FA8AF72AA54A00000E2831 /* Sources */ = {
			isa = PBXSourcesBuildPhase;
			files = (
			);
		};
		71FA8B072AA54A03000E2831 /* Sources */ = {
			isa = PBXSourcesBuildPhase;
			files = (
			);
		};
		71FA8B112AA54A03000E2831 /* Sources */ = {
			isa = PBXSourcesBuildPhase;
			files = (
			);
		};
/* End PBXSourcesBuildPhase section */

/* Begin PBXTargetDependency section */
		7137D7062AA600DB00CE239B /* PBXTargetDependency */ = {
			isa = PBXTargetDependency;
			platformFilter = ios;
			target = 7137D6F12AA600D500CE239B /* FerrioWidgetExtension */;
			targetProxy = 7137D7052AA600DB00CE239B /* PBXContainerItemProxy */;
		};
		7192FFCB2F42307D0047DDFC /* PBXTargetDependency */ = {
			isa = PBXTargetDependency;
			target = 7192FFBD2F4230710047DDFC /* FerrioMessagesExtension */;
			targetProxy = 7192FFCA2F42307D0047DDFC /* PBXContainerItemProxy */;
		};
		71FA8B0D2AA54A03000E2831 /* PBXTargetDependency */ = {
			isa = PBXTargetDependency;
			target = 71FA8AFA2AA54A00000E2831 /* Ferrio */;
			targetProxy = 71FA8B0C2AA54A03000E2831 /* PBXContainerItemProxy */;
		};
		71FA8B172AA54A03000E2831 /* PBXTargetDependency */ = {
			isa = PBXTargetDependency;
			target = 71FA8AFA2AA54A00000E2831 /* Ferrio */;
			targetProxy = 71FA8B162AA54A03000E2831 /* PBXContainerItemProxy */;
		};
/* End PBXTargetDependency section */

/* Begin XCBuildConfiguration section */
		7137D7092AA600DB00CE239B /* Debug configuration for PBXNativeTarget "FerrioWidgetExtension" */ = {
			isa = XCBuildConfiguration;
			buildSettings = {
				ASSETCATALOG_COMPILER_GLOBAL_ACCENT_COLOR_NAME = AccentColor;
				ASSETCATALOG_COMPILER_WIDGET_BACKGROUND_COLOR_NAME = WidgetBackground;
				CODE_SIGN_ENTITLEMENTS = FerrioWidgetExtension.entitlements;
				CODE_SIGN_IDENTITY = "Apple Development";
				CODE_SIGN_STYLE = Automatic;
				CURRENT_PROJECT_VERSION = 13;
				DEVELOPMENT_TEAM = 5A8327DV4D;
				GENERATE_INFOPLIST_FILE = YES;
				INFOPLIST_FILE = FerrioWidget/Info.plist;
				INFOPLIST_KEY_CFBundleDisplayName = FerrioWidget;
				INFOPLIST_KEY_NSHumanReadableCopyright = "";
				IPHONEOS_DEPLOYMENT_TARGET = 26.0;
				LD_RUNPATH_SEARCH_PATHS = (
					"$(inherited)",
					"@executable_path/Frameworks",
					"@executable_path/../../Frameworks",
				);
				MACOSX_DEPLOYMENT_TARGET = 13.5;
				MARKETING_VERSION = 2.1.5;
				PRODUCT_BUNDLE_IDENTIFIER = eu.andret.uhc.widget;
				PRODUCT_NAME = "$(TARGET_NAME)";
				PROVISIONING_PROFILE_SPECIFIER = "";
				SKIP_INSTALL = YES;
				SUPPORTED_PLATFORMS = "iphoneos iphonesimulator";
				SUPPORTS_MACCATALYST = NO;
				SUPPORTS_MAC_DESIGNED_FOR_IPHONE_IPAD = YES;
				SWIFT_EMIT_LOC_STRINGS = YES;
				SWIFT_VERSION = 5.0;
				TARGETED_DEVICE_FAMILY = "1,2";
			};
			name = Debug;
		};
		7137D70A2AA600DB00CE239B /* Release configuration for PBXNativeTarget "FerrioWidgetExtension" */ = {
			isa = XCBuildConfiguration;
			buildSettings = {
				ASSETCATALOG_COMPILER_GLOBAL_ACCENT_COLOR_NAME = AccentColor;
				ASSETCATALOG_COMPILER_WIDGET_BACKGROUND_COLOR_NAME = WidgetBackground;
				CODE_SIGN_ENTITLEMENTS = FerrioWidgetExtension.entitlements;
				CODE_SIGN_IDENTITY = "Apple Development";
				CODE_SIGN_STYLE = Automatic;
				CURRENT_PROJECT_VERSION = 13;
				DEVELOPMENT_TEAM = 5A8327DV4D;
				GENERATE_INFOPLIST_FILE = YES;
				INFOPLIST_FILE = FerrioWidget/Info.plist;
				INFOPLIST_KEY_CFBundleDisplayName = FerrioWidget;
				INFOPLIST_KEY_NSHumanReadableCopyright = "";
				IPHONEOS_DEPLOYMENT_TARGET = 26.0;
				LD_RUNPATH_SEARCH_PATHS = (
					"$(inherited)",
					"@executable_path/Frameworks",
					"@executable_path/../../Frameworks",
				);
				MACOSX_DEPLOYMENT_TARGET = 13.5;
				MARKETING_VERSION = 2.1.5;
				PRODUCT_BUNDLE_IDENTIFIER = eu.andret.uhc.widget;
				PRODUCT_NAME = "$(TARGET_NAME)";
				PROVISIONING_PROFILE_SPECIFIER = "";
				SKIP_INSTALL = YES;
				SUPPORTED_PLATFORMS = "iphoneos iphonesimulator";
				SUPPORTS_MACCATALYST = NO;
				SUPPORTS_MAC_DESIGNED_FOR_IPHONE_IPAD = YES;
				SWIFT_EMIT_LOC_STRINGS = YES;
				SWIFT_VERSION = 5.0;
				TARGETED_DEVICE_FAMILY = "1,2";
			};
			name = Release;
		};
		7192FFCF2F42307D0047DDFC /* Debug configuration for PBXNativeTarget "FerrioMessagesExtension" */ = {
			isa = XCBuildConfiguration;
			buildSettings = {
				ASSETCATALOG_COMPILER_APPICON_NAME = "iMessage App Icon";
				CODE_SIGN_IDENTITY = "Apple Development";
				CODE_SIGN_STYLE = Automatic;
				CURRENT_PROJECT_VERSION = 13;
				DEVELOPMENT_TEAM = 5A8327DV4D;
				GCC_C_LANGUAGE_STANDARD = gnu17;
				GENERATE_INFOPLIST_FILE = YES;
				INFOPLIST_FILE = FerrioMessagesExtension/Info.plist;
				INFOPLIST_KEY_CFBundleDisplayName = Ferrio;
				INFOPLIST_KEY_NSHumanReadableCopyright = "";
				IPHONEOS_DEPLOYMENT_TARGET = 26.0;
				LD_RUNPATH_SEARCH_PATHS = (
					"$(inherited)",
					"@executable_path/Frameworks",
					"@executable_path/../../Frameworks",
				);
				MARKETING_VERSION = 2.1.5;
				PRODUCT_BUNDLE_IDENTIFIER = eu.andret.uhc.FerrioMessagesExtension;
				PRODUCT_NAME = "$(TARGET_NAME)";
				PROVISIONING_PROFILE_SPECIFIER = "";
				SKIP_INSTALL = YES;
				STRING_CATALOG_GENERATE_SYMBOLS = YES;
				SWIFT_ACTIVE_COMPILATION_CONDITIONS = "DEBUG $(inherited)";
				SWIFT_EMIT_LOC_STRINGS = YES;
				SWIFT_VERSION = 5.0;
				TARGETED_DEVICE_FAMILY = "1,2";
			};
			name = Debug;
		};
		7192FFD02F42307D0047DDFC /* Release configuration for PBXNativeTarget "FerrioMessagesExtension" */ = {
			isa = XCBuildConfiguration;
			buildSettings = {
				ASSETCATALOG_COMPILER_APPICON_NAME = "iMessage App Icon";
				CODE_SIGN_IDENTITY = "Apple Development";
				CODE_SIGN_STYLE = Automatic;
				CURRENT_PROJECT_VERSION = 13;
				DEVELOPMENT_TEAM = 5A8327DV4D;
				GCC_C_LANGUAGE_STANDARD = gnu17;
				GENERATE_INFOPLIST_FILE = YES;
				INFOPLIST_FILE = FerrioMessagesExtension/Info.plist;
				INFOPLIST_KEY_CFBundleDisplayName = Ferrio;
				INFOPLIST_KEY_NSHumanReadableCopyright = "";
				IPHONEOS_DEPLOYMENT_TARGET = 26.0;
				LD_RUNPATH_SEARCH_PATHS = (
					"$(inherited)",
					"@executable_path/Frameworks",
					"@executable_path/../../Frameworks",
				);
				MARKETING_VERSION = 2.1.5;
				PRODUCT_BUNDLE_IDENTIFIER = eu.andret.uhc.FerrioMessagesExtension;
				PRODUCT_NAME = "$(TARGET_NAME)";
				PROVISIONING_PROFILE_SPECIFIER = "";
				SKIP_INSTALL = YES;
				STRING_CATALOG_GENERATE_SYMBOLS = YES;
				SWIFT_EMIT_LOC_STRINGS = YES;
				SWIFT_VERSION = 5.0;
				TARGETED_DEVICE_FAMILY = "1,2";
			};
			name = Release;
		};
		71FA8B1D2AA54A03000E2831 /* Debug configuration for PBXProject "Ferrio" */ = {
			isa = XCBuildConfiguration;
			buildSettings = {
				ALWAYS_SEARCH_USER_PATHS = NO;
				ASSETCATALOG_COMPILER_GENERATE_SWIFT_ASSET_SYMBOL_EXTENSIONS = YES;
				CLANG_ANALYZER_LOCALIZABILITY_NONLOCALIZED = YES;
				CLANG_ANALYZER_NONNULL = YES;
				CLANG_ANALYZER_NUMBER_OBJECT_CONVERSION = YES_AGGRESSIVE;
				CLANG_CXX_LANGUAGE_STANDARD = "gnu++20";
				CLANG_ENABLE_MODULES = YES;
				CLANG_ENABLE_OBJC_ARC = YES;
				CLANG_ENABLE_OBJC_WEAK = YES;
				CLANG_WARN_BLOCK_CAPTURE_AUTORELEASING = YES;
				CLANG_WARN_BOOL_CONVERSION = YES;
				CLANG_WARN_COMMA = YES;
				CLANG_WARN_CONSTANT_CONVERSION = YES;
				CLANG_WARN_DEPRECATED_OBJC_IMPLEMENTATIONS = YES;
				CLANG_WARN_DIRECT_OBJC_ISA_USAGE = YES_ERROR;
				CLANG_WARN_DOCUMENTATION_COMMENTS = YES;
				CLANG_WARN_EMPTY_BODY = YES;
				CLANG_WARN_ENUM_CONVERSION = YES;
				CLANG_WARN_INFINITE_RECURSION = YES;
				CLANG_WARN_INT_CONVERSION = YES;
				CLANG_WARN_NON_LITERAL_NULL_CONVERSION = YES;
				CLANG_WARN_OBJC_IMPLICIT_RETAIN_SELF = YES;
				CLANG_WARN_OBJC_LITERAL_CONVERSION = YES;
				CLANG_WARN_OBJC_ROOT_CLASS = YES_ERROR;
				CLANG_WARN_QUOTED_INCLUDE_IN_FRAMEWORK_HEADER = YES;
				CLANG_WARN_RANGE_LOOP_ANALYSIS = YES;
				CLANG_WARN_STRICT_PROTOTYPES = YES;
				CLANG_WARN_SUSPICIOUS_MOVE = YES;
				CLANG_WARN_UNGUARDED_AVAILABILITY = YES_AGGRESSIVE;
				CLANG_WARN_UNREACHABLE_CODE = YES;
				CLANG_WARN__DUPLICATE_METHOD_MATCH = YES;
				COPY_PHASE_STRIP = NO;
				DEBUG_INFORMATION_FORMAT = dwarf;
				ENABLE_STRICT_OBJC_MSGSEND = YES;
				ENABLE_TESTABILITY = YES;
				ENABLE_USER_SCRIPT_SANDBOXING = YES;
				GCC_C_LANGUAGE_STANDARD = gnu11;
				GCC_DYNAMIC_NO_PIC = NO;
				GCC_NO_COMMON_BLOCKS = YES;
				GCC_OPTIMIZATION_LEVEL = 0;
				GCC_PREPROCESSOR_DEFINITIONS = (
					"DEBUG=1",
					"$(inherited)",
				);
				GCC_WARN_64_TO_32_BIT_CONVERSION = YES;
				GCC_WARN_ABOUT_RETURN_TYPE = YES_ERROR;
				GCC_WARN_UNDECLARED_SELECTOR = YES;
				GCC_WARN_UNINITIALIZED_AUTOS = YES_AGGRESSIVE;
				GCC_WARN_UNUSED_FUNCTION = YES;
				GCC_WARN_UNUSED_VARIABLE = YES;
				IPHONEOS_DEPLOYMENT_TARGET = 26.0;
				LOCALIZATION_PREFERS_STRING_CATALOGS = YES;
				MTL_ENABLE_DEBUG_INFO = INCLUDE_SOURCE;
				MTL_FAST_MATH = YES;
				ONLY_ACTIVE_ARCH = YES;
				SDKROOT = iphoneos;
				STRING_CATALOG_GENERATE_SYMBOLS = YES;
				SWIFT_ACTIVE_COMPILATION_CONDITIONS = DEBUG;
				SWIFT_OPTIMIZATION_LEVEL = "-Onone";
			};
			name = Debug;
		};
		71FA8B1E2AA54A03000E2831 /* Release configuration for PBXProject "Ferrio" */ = {
			isa = XCBuildConfiguration;
			buildSettings = {
				ALWAYS_SEARCH_USER_PATHS = NO;
				ASSETCATALOG_COMPILER_GENERATE_SWIFT_ASSET_SYMBOL_EXTENSIONS = YES;
				CLANG_ANALYZER_LOCALIZABILITY_NONLOCALIZED = YES;
				CLANG_ANALYZER_NONNULL = YES;
				CLANG_ANALYZER_NUMBER_OBJECT_CONVERSION = YES_AGGRESSIVE;
				CLANG_CXX_LANGUAGE_STANDARD = "gnu++20";
				CLANG_ENABLE_MODULES = YES;
				CLANG_ENABLE_OBJC_ARC = YES;
				CLANG_ENABLE_OBJC_WEAK = YES;
				CLANG_WARN_BLOCK_CAPTURE_AUTORELEASING = YES;
				CLANG_WARN_BOOL_CONVERSION = YES;
				CLANG_WARN_COMMA = YES;
				CLANG_WARN_CONSTANT_CONVERSION = YES;
				CLANG_WARN_DEPRECATED_OBJC_IMPLEMENTATIONS = YES;
				CLANG_WARN_DIRECT_OBJC_ISA_USAGE = YES_ERROR;
				CLANG_WARN_DOCUMENTATION_COMMENTS = YES;
				CLANG_WARN_EMPTY_BODY = YES;
				CLANG_WARN_ENUM_CONVERSION = YES;
				CLANG_WARN_INFINITE_RECURSION = YES;
				CLANG_WARN_INT_CONVERSION = YES;
				CLANG_WARN_NON_LITERAL_NULL_CONVERSION = YES;
				CLANG_WARN_OBJC_IMPLICIT_RETAIN_SELF = YES;
				CLANG_WARN_OBJC_LITERAL_CONVERSION = YES;
				CLANG_WARN_OBJC_ROOT_CLASS = YES_ERROR;
				CLANG_WARN_QUOTED_INCLUDE_IN_FRAMEWORK_HEADER = YES;
				CLANG_WARN_RANGE_LOOP_ANALYSIS = YES;
				CLANG_WARN_STRICT_PROTOTYPES = YES;
				CLANG_WARN_SUSPICIOUS_MOVE = YES;
				CLANG_WARN_UNGUARDED_AVAILABILITY = YES_AGGRESSIVE;
				CLANG_WARN_UNREACHABLE_CODE = YES;
				CLANG_WARN__DUPLICATE_METHOD_MATCH = YES;
				COPY_PHASE_STRIP = NO;
				DEBUG_INFORMATION_FORMAT = "dwarf-with-dsym";
				ENABLE_NS_ASSERTIONS = NO;
				ENABLE_STRICT_OBJC_MSGSEND = YES;
				ENABLE_USER_SCRIPT_SANDBOXING = YES;
				GCC_C_LANGUAGE_STANDARD = gnu11;
				GCC_NO_COMMON_BLOCKS = YES;
				GCC_WARN_64_TO_32_BIT_CONVERSION = YES;
				GCC_WARN_ABOUT_RETURN_TYPE = YES_ERROR;
				GCC_WARN_UNDECLARED_SELECTOR = YES;
				GCC_WARN_UNINITIALIZED_AUTOS = YES_AGGRESSIVE;
				GCC_WARN_UNUSED_FUNCTION = YES;
				GCC_WARN_UNUSED_VARIABLE = YES;
				IPHONEOS_DEPLOYMENT_TARGET = 26.0;
				LOCALIZATION_PREFERS_STRING_CATALOGS = YES;
				MTL_ENABLE_DEBUG_INFO = NO;
				MTL_FAST_MATH = YES;
				SDKROOT = iphoneos;
				STRING_CATALOG_GENERATE_SYMBOLS = YES;
				SWIFT_COMPILATION_MODE = wholemodule;
				SWIFT_OPTIMIZATION_LEVEL = "-O";
				VALIDATE_PRODUCT = YES;
			};
			name = Release;
		};
		71FA8B202AA54A03000E2831 /* Debug configuration for PBXNativeTarget "Ferrio" */ = {
			isa = XCBuildConfiguration;
			buildSettings = {
				ASSETCATALOG_COMPILER_APPICON_NAME = AppIcon;
				ASSETCATALOG_COMPILER_GLOBAL_ACCENT_COLOR_NAME = AccentColor;
				CODE_SIGN_ENTITLEMENTS = Ferrio/Ferrio.entitlements;
				CODE_SIGN_IDENTITY = "Apple Development";
				CODE_SIGN_STYLE = Automatic;
				CURRENT_PROJECT_VERSION = 13;
				DEVELOPMENT_ASSET_PATHS = "";
				DEVELOPMENT_TEAM = 5A8327DV4D;
				ENABLE_PREVIEWS = YES;
				GENERATE_INFOPLIST_FILE = YES;
				INFOPLIST_FILE = Ferrio/Resources/Info.plist;
				INFOPLIST_KEY_CFBundleDisplayName = Ferrio;
				INFOPLIST_KEY_LSApplicationCategoryType = "public.app-category.entertainment";
				INFOPLIST_KEY_UIApplicationSceneManifest_Generation = YES;
				INFOPLIST_KEY_UIApplicationSupportsIndirectInputEvents = YES;
				INFOPLIST_KEY_UILaunchScreen_Generation = YES;
				INFOPLIST_KEY_UIStatusBarStyle = "";
				INFOPLIST_KEY_UISupportedInterfaceOrientations = "UIInterfaceOrientationPortrait UIInterfaceOrientationPortraitUpsideDown";
				INFOPLIST_KEY_UISupportedInterfaceOrientations_iPad = "UIInterfaceOrientationLandscapeLeft UIInterfaceOrientationLandscapeRight UIInterfaceOrientationPortrait UIInterfaceOrientationPortraitUpsideDown";
				IPHONEOS_DEPLOYMENT_TARGET = 26.0;
				LD_RUNPATH_SEARCH_PATHS = (
					"$(inherited)",
					"@executable_path/Frameworks",
				);
				MARKETING_VERSION = 2.1.5;
				OTHER_LDFLAGS = "-ObjC";
				PRODUCT_BUNDLE_IDENTIFIER = eu.andret.uhc;
				PRODUCT_NAME = "$(TARGET_NAME)";
				PROVISIONING_PROFILE_SPECIFIER = "";
				SUPPORTED_PLATFORMS = "iphoneos iphonesimulator";
				SUPPORTS_MACCATALYST = NO;
				SUPPORTS_MAC_DESIGNED_FOR_IPHONE_IPAD = YES;
				SWIFT_EMIT_LOC_STRINGS = YES;
				SWIFT_VERSION = 5.0;
				TARGETED_DEVICE_FAMILY = "1,2";
			};
			name = Debug;
		};
		71FA8B212AA54A03000E2831 /* Release configuration for PBXNativeTarget "Ferrio" */ = {
			isa = XCBuildConfiguration;
			buildSettings = {
				ASSETCATALOG_COMPILER_APPICON_NAME = AppIcon;
				ASSETCATALOG_COMPILER_GLOBAL_ACCENT_COLOR_NAME = AccentColor;
				CODE_SIGN_ENTITLEMENTS = Ferrio/Ferrio.entitlements;
				CODE_SIGN_IDENTITY = "Apple Development";
				CODE_SIGN_STYLE = Automatic;
				CURRENT_PROJECT_VERSION = 13;
				DEVELOPMENT_ASSET_PATHS = "";
				DEVELOPMENT_TEAM = 5A8327DV4D;
				ENABLE_PREVIEWS = YES;
				GENERATE_INFOPLIST_FILE = YES;
				INFOPLIST_FILE = Ferrio/Resources/Info.plist;
				INFOPLIST_KEY_CFBundleDisplayName = Ferrio;
				INFOPLIST_KEY_LSApplicationCategoryType = "public.app-category.entertainment";
				INFOPLIST_KEY_UIApplicationSceneManifest_Generation = YES;
				INFOPLIST_KEY_UIApplicationSupportsIndirectInputEvents = YES;
				INFOPLIST_KEY_UILaunchScreen_Generation = YES;
				INFOPLIST_KEY_UIStatusBarStyle = "";
				INFOPLIST_KEY_UISupportedInterfaceOrientations = "UIInterfaceOrientationPortrait UIInterfaceOrientationPortraitUpsideDown";
				INFOPLIST_KEY_UISupportedInterfaceOrientations_iPad = "UIInterfaceOrientationLandscapeLeft UIInterfaceOrientationLandscapeRight UIInterfaceOrientationPortrait UIInterfaceOrientationPortraitUpsideDown";
				IPHONEOS_DEPLOYMENT_TARGET = 26.0;
				LD_RUNPATH_SEARCH_PATHS = (
					"$(inherited)",
					"@executable_path/Frameworks",
				);
				MARKETING_VERSION = 2.1.5;
				OTHER_LDFLAGS = "-ObjC";
				PRODUCT_BUNDLE_IDENTIFIER = eu.andret.uhc;
				PRODUCT_NAME = "$(TARGET_NAME)";
				PROVISIONING_PROFILE_SPECIFIER = "";
				SUPPORTED_PLATFORMS = "iphoneos iphonesimulator";
				SUPPORTS_MACCATALYST = NO;
				SUPPORTS_MAC_DESIGNED_FOR_IPHONE_IPAD = YES;
				SWIFT_EMIT_LOC_STRINGS = YES;
				SWIFT_VERSION = 5.0;
				TARGETED_DEVICE_FAMILY = "1,2";
			};
			name = Release;
		};
		71FA8B232AA54A03000E2831 /* Debug configuration for PBXNativeTarget "FerrioTests" */ = {
			isa = XCBuildConfiguration;
			buildSettings = {
				BUNDLE_LOADER = "$(TEST_HOST)";
				CODE_SIGN_STYLE = Automatic;
				CURRENT_PROJECT_VERSION = 1;
				GENERATE_INFOPLIST_FILE = YES;
				IPHONEOS_DEPLOYMENT_TARGET = 26.0;
				MARKETING_VERSION = 1.0;
				PRODUCT_BUNDLE_IDENTIFIER = eu.andret.FerrioTests;
				PRODUCT_NAME = "$(TARGET_NAME)";
				SWIFT_EMIT_LOC_STRINGS = NO;
				SWIFT_VERSION = 5.0;
				TARGETED_DEVICE_FAMILY = "1,2";
				TEST_HOST = "$(BUILT_PRODUCTS_DIR)/Ferrio.app/$(BUNDLE_EXECUTABLE_FOLDER_PATH)/Ferrio";
			};
			name = Debug;
		};
		71FA8B242AA54A03000E2831 /* Release configuration for PBXNativeTarget "FerrioTests" */ = {
			isa = XCBuildConfiguration;
			buildSettings = {
				BUNDLE_LOADER = "$(TEST_HOST)";
				CODE_SIGN_STYLE = Automatic;
				CURRENT_PROJECT_VERSION = 1;
				GENERATE_INFOPLIST_FILE = YES;
				IPHONEOS_DEPLOYMENT_TARGET = 26.0;
				MARKETING_VERSION = 1.0;
				PRODUCT_BUNDLE_IDENTIFIER = eu.andret.FerrioTests;
				PRODUCT_NAME = "$(TARGET_NAME)";
				SWIFT_EMIT_LOC_STRINGS = NO;
				SWIFT_VERSION = 5.0;
				TARGETED_DEVICE_FAMILY = "1,2";
				TEST_HOST = "$(BUILT_PRODUCTS_DIR)/Ferrio.app/$(BUNDLE_EXECUTABLE_FOLDER_PATH)/Ferrio";
			};
			name = Release;
		};
		71FA8B262AA54A03000E2831 /* Debug configuration for PBXNativeTarget "FerrioUITests" */ = {
			isa = XCBuildConfiguration;
			buildSettings = {
				CODE_SIGN_STYLE = Automatic;
				CURRENT_PROJECT_VERSION = 1;
				GENERATE_INFOPLIST_FILE = YES;
				IPHONEOS_DEPLOYMENT_TARGET = 26.0;
				MARKETING_VERSION = 1.0;
				PRODUCT_BUNDLE_IDENTIFIER = eu.andret.FerrioUITests;
				PRODUCT_NAME = "$(TARGET_NAME)";
				SWIFT_EMIT_LOC_STRINGS = NO;
				SWIFT_VERSION = 5.0;
				TARGETED_DEVICE_FAMILY = "1,2";
				TEST_TARGET_NAME = Ferrio;
			};
			name = Debug;
		};
		71FA8B272AA54A03000E2831 /* Release configuration for PBXNativeTarget "FerrioUITests" */ = {
			isa = XCBuildConfiguration;
			buildSettings = {
				CODE_SIGN_STYLE = Automatic;
				CURRENT_PROJECT_VERSION = 1;
				GENERATE_INFOPLIST_FILE = YES;
				IPHONEOS_DEPLOYMENT_TARGET = 26.0;
				MARKETING_VERSION = 1.0;
				PRODUCT_BUNDLE_IDENTIFIER = eu.andret.FerrioUITests;
				PRODUCT_NAME = "$(TARGET_NAME)";
				SWIFT_EMIT_LOC_STRINGS = NO;
				SWIFT_VERSION = 5.0;
				TARGETED_DEVICE_FAMILY = "1,2";
				TEST_TARGET_NAME = Ferrio;
			};
			name = Release;
		};
/* End XCBuildConfiguration section */

/* Begin XCConfigurationList section */
		7137D70B2AA600DB00CE239B /* Build configuration list for PBXNativeTarget "FerrioWidgetExtension" */ = {
			isa = XCConfigurationList;
			buildConfigurations = (
				7137D7092AA600DB00CE239B /* Debug configuration for PBXNativeTarget "FerrioWidgetExtension" */,
				7137D70A2AA600DB00CE239B /* Release configuration for PBXNativeTarget "FerrioWidgetExtension" */,
			);
			defaultConfigurationName = Release;
		};
		7192FFCE2F42307D0047DDFC /* Build configuration list for PBXNativeTarget "FerrioMessagesExtension" */ = {
			isa = XCConfigurationList;
			buildConfigurations = (
				7192FFCF2F42307D0047DDFC /* Debug configuration for PBXNativeTarget "FerrioMessagesExtension" */,
				7192FFD02F42307D0047DDFC /* Release configuration for PBXNativeTarget "FerrioMessagesExtension" */,
			);
			defaultConfigurationName = Release;
		};
		71FA8AF62AA54A00000E2831 /* Build configuration list for PBXProject "Ferrio" */ = {
			isa = XCConfigurationList;
			buildConfigurations = (
				71FA8B1D2AA54A03000E2831 /* Debug configuration for PBXProject "Ferrio" */,
				71FA8B1E2AA54A03000E2831 /* Release configuration for PBXProject "Ferrio" */,
			);
			defaultConfigurationName = Release;
		};
		71FA8B1F2AA54A03000E2831 /* Build configuration list for PBXNativeTarget "Ferrio" */ = {
			isa = XCConfigurationList;
			buildConfigurations = (
				71FA8B202AA54A03000E2831 /* Debug configuration for PBXNativeTarget "Ferrio" */,
				71FA8B212AA54A03000E2831 /* Release configuration for PBXNativeTarget "Ferrio" */,
			);
			defaultConfigurationName = Release;
		};
		71FA8B222AA54A03000E2831 /* Build configuration list for PBXNativeTarget "FerrioTests" */ = {
			isa = XCConfigurationList;
			buildConfigurations = (
				71FA8B232AA54A03000E2831 /* Debug configuration for PBXNativeTarget "FerrioTests" */,
				71FA8B242AA54A03000E2831 /* Release configuration for PBXNativeTarget "FerrioTests" */,
			);
			defaultConfigurationName = Release;
		};
		71FA8B252AA54A03000E2831 /* Build configuration list for PBXNativeTarget "FerrioUITests" */ = {
			isa = XCConfigurationList;
			buildConfigurations = (
				71FA8B262AA54A03000E2831 /* Debug configuration for PBXNativeTarget "FerrioUITests" */,
				71FA8B272AA54A03000E2831 /* Release configuration for PBXNativeTarget "FerrioUITests" */,
			);
			defaultConfigurationName = Release;
		};
/* End XCConfigurationList section */

/* Begin XCRemoteSwiftPackageReference section */
		718081FA2BCFBBA100CF38AC /* XCRemoteSwiftPackageReference "firebase-ios-sdk" */ = {
			isa = XCRemoteSwiftPackageReference;
			repositoryURL = "https://github.com/firebase/firebase-ios-sdk";
			requirement = {
				kind = upToNextMajorVersion;
				minimumVersion = 12.12.0;
			};
		};
		71DFA0012BD143E000029519 /* XCRemoteSwiftPackageReference "GoogleSignIn-iOS" */ = {
			isa = XCRemoteSwiftPackageReference;
			repositoryURL = "https://github.com/google/GoogleSignIn-iOS";
			requirement = {
				kind = upToNextMajorVersion;
				minimumVersion = 9.1.0;
			};
		};
/* End XCRemoteSwiftPackageReference section */

/* Begin XCSwiftPackageProductDependency section */
		711493FA2C4EA12200245BB4 /* GoogleSignIn */ = {
			isa = XCSwiftPackageProductDependency;
			package = 71DFA0012BD143E000029519 /* XCRemoteSwiftPackageReference "GoogleSignIn-iOS" */;
			productName = GoogleSignIn;
		};
		71DFA0022BD143E000029519 /* GoogleSignInSwift */ = {
			isa = XCSwiftPackageProductDependency;
			package = 71DFA0012BD143E000029519 /* XCRemoteSwiftPackageReference "GoogleSignIn-iOS" */;
			productName = GoogleSignInSwift;
		};
		71DFA0062BD14A4800029519 /* FirebaseAuth */ = {
			isa = XCSwiftPackageProductDependency;
			package = 718081FA2BCFBBA100CF38AC /* XCRemoteSwiftPackageReference "firebase-ios-sdk" */;
			productName = FirebaseAuth;
		};
/* End XCSwiftPackageProductDependency section */
	};
	rootObject = 71FA8AF32AA54A00000E2831 /* Project object */;
}
